// !$*UTF8*$!
{
	archiveVersion = 1;
	classes = {
	};
	objectVersion = 56;
	objects = {

/* Begin PBXBuildFile section */
		CEB0AE152A1F3A7D009522B3 /* AppDelegate.swift in Sources */ = {isa = PBXBuildFile; fileRef = CEB0AE142A1F3A7D009522B3 /* AppDelegate.swift */; };
		CEB0AE172A1F3A7D009522B3 /* SceneDelegate.swift in Sources */ = {isa = PBXBuildFile; fileRef = CEB0AE162A1F3A7D009522B3 /* SceneDelegate.swift */; };
		CEB0AE192A1F3A7D009522B3 /* ViewController.swift in Sources */ = {isa = PBXBuildFile; fileRef = CEB0AE182A1F3A7D009522B3 /* ViewController.swift */; };
		CEB0AE1C2A1F3A7D009522B3 /* Main.storyboard in Resources */ = {isa = PBXBuildFile; fileRef = CEB0AE1A2A1F3A7D009522B3 /* Main.storyboard */; };
		CEB0AE1E2A1F3A7F009522B3 /* Assets.xcassets in Resources */ = {isa = PBXBuildFile; fileRef = CEB0AE1D2A1F3A7F009522B3 /* Assets.xcassets */; };
		CEB0AE212A1F3A7F009522B3 /* LaunchScreen.storyboard in Resources */ = {isa = PBXBuildFile; fileRef = CEB0AE1F2A1F3A7F009522B3 /* LaunchScreen.storyboard */; };
		CEB0AE292A1F3E28009522B3 /* PersonCell.swift in Sources */ = {isa = PBXBuildFile; fileRef = CEB0AE282A1F3E28009522B3 /* PersonCell.swift */; };
		CEB0AE2B2A1F53C3009522B3 /* Person.swift in Sources */ = {isa = PBXBuildFile; fileRef = CEB0AE2A2A1F53C3009522B3 /* Person.swift */; };
/* End PBXBuildFile section */

/* Begin PBXFileReference section */
		CEB0AE112A1F3A7D009522B3 /* UIKit_day_44.app */ = {isa = PBXFileReference; explicitFileType = wrapper.application; includeInIndex = 0; path = UIKit_day_44.app; sourceTree = BUILT_PRODUCTS_DIR; };
		CEB0AE142A1F3A7D009522B3 /* AppDelegate.swift */ = {isa = PBXFileReference; lastKnownFileType = sourcecode.swift; path = AppDelegate.swift; sourceTree = "<group>"; };
		CEB0AE162A1F3A7D009522B3 /* SceneDelegate.swift */ = {isa = PBXFileReference; lastKnownFileType = sourcecode.swift; path = SceneDelegate.swift; sourceTree = "<group>"; };
		CEB0AE182A1F3A7D009522B3 /* ViewController.swift */ = {isa = PBXFileReference; lastKnownFileType = sourcecode.swift; path = ViewController.swift; sourceTree = "<group>"; };
		CEB0AE1B2A1F3A7D009522B3 /* Base */ = {isa = PBXFileReference; lastKnownFileType = file.storyboard; name = Base; path = Base.lproj/Main.storyboard; sourceTree = "<group>"; };
		CEB0AE1D2A1F3A7F009522B3 /* Assets.xcassets */ = {isa = PBXFileReference; lastKnownFileType = folder.assetcatalog; path = Assets.xcassets; sourceTree = "<group>"; };
		CEB0AE202A1F3A7F009522B3 /* Base */ = {isa = PBXFileReference; lastKnownFileType = file.storyboard; name = Base; path = Base.lproj/LaunchScreen.storyboard; sourceTree = "<group>"; };
		CEB0AE222A1F3A7F009522B3 /* Info.plist */ = {isa = PBXFileReference; lastKnownFileType = text.plist.xml; path = Info.plist; sourceTree = "<group>"; };
		CEB0AE282A1F3E28009522B3 /* PersonCell.swift */ = {isa = PBXFileReference; lastKnownFileType = sourcecode.swift; path = PersonCell.swift; sourceTree = "<group>"; };
		CEB0AE2A2A1F53C3009522B3 /* Person.swift */ = {isa = PBXFileReference; lastKnownFileType = sourcecode.swift; path = Person.swift; sourceTree = "<group>"; };
/* End PBXFileReference section */

/* Begin PBXFrameworksBuildPhase section */
		CEB0AE0E2A1F3A7D009522B3 /* Frameworks */ = {
			isa = PBXFrameworksBuildPhase;
			buildActionMask = 2147483647;
			files = (
			);
			runOnlyForDeploymentPostprocessing = 0;
		};
/* End PBXFrameworksBuildPhase section */

/* Begin PBXGroup section */
		CEB0AE082A1F3A7D009522B3 = {
			isa = PBXGroup;
			children = (
				CEB0AE132A1F3A7D009522B3 /* UIKit_day_44 */,
				CEB0AE122A1F3A7D009522B3 /* Products */,
			);
			sourceTree = "<group>";
		};
		CEB0AE122A1F3A7D009522B3 /* Products */ = {
			isa = PBXGroup;
			children = (
				CEB0AE112A1F3A7D009522B3 /* UIKit_day_44.app */,
			);
			name = Products;
			sourceTree = "<group>";
		};
		CEB0AE132A1F3A7D009522B3 /* UIKit_day_44 */ = {
			isa = PBXGroup;
			children = (
				CEB0AE142A1F3A7D009522B3 /* AppDelegate.swift */,
				CEB0AE162A1F3A7D009522B3 /* SceneDelegate.swift */,
				CEB0AE182A1F3A7D009522B3 /* ViewController.swift */,
				CEB0AE2A2A1F53C3009522B3 /* Person.swift */,
				CEB0AE1A2A1F3A7D009522B3 /* Main.storyboard */,
				CEB0AE282A1F3E28009522B3 /* PersonCell.swift */,
				CEB0AE1D2A1F3A7F009522B3 /* Assets.xcassets */,
				CEB0AE1F2A1F3A7F009522B3 /* LaunchScreen.storyboard */,
				CEB0AE222A1F3A7F009522B3 /* Info.plist */,
			);
			path = UIKit_day_44;
			sourceTree = "<group>";
		};
/* End PBXGroup section */

/* Begin PBXNativeTarget section */
		CEB0AE102A1F3A7D009522B3 /* UIKit_day_44 */ = {
			isa = PBXNativeTarget;
			buildConfigurationList = CEB0AE252A1F3A7F009522B3 /* Build configuration list for PBXNativeTarget "UIKit_day_44" */;
			buildPhases = (
				CEB0AE0D2A1F3A7D009522B3 /* Sources */,
				CEB0AE0E2A1F3A7D009522B3 /* Frameworks */,
				CEB0AE0F2A1F3A7D009522B3 /* Resources */,
			);
			buildRules = (
			);
			dependencies = (
			);
			name = UIKit_day_44;
			productName = UIKit_day_44;
			productReference = CEB0AE112A1F3A7D009522B3 /* UIKit_day_44.app */;
			productType = "com.apple.product-type.application";
		};
/* End PBXNativeTarget section */

/* Begin PBXProject section */
		CEB0AE092A1F3A7D009522B3 /* Project object */ = {
			isa = PBXProject;
			attributes = {
				BuildIndependentTargetsInParallel = 1;
				LastSwiftUpdateCheck = 1430;
				LastUpgradeCheck = 1430;
				TargetAttributes = {
					CEB0AE102A1F3A7D009522B3 = {
						CreatedOnToolsVersion = 14.3;
					};
				};
			};
			buildConfigurationList = CEB0AE0C2A1F3A7D009522B3 /* Build configuration list for PBXProject "UIKit_day_44" */;
			compatibilityVersion = "Xcode 14.0";
			developmentRegion = en;
			hasScannedForEncodings = 0;
			knownRegions = (
				en,
				Base,
			);
			mainGroup = CEB0AE082A1F3A7D009522B3;
			productRefGroup = CEB0AE122A1F3A7D009522B3 /* Products */;
			projectDirPath = "";
			projectRoot = "";
			targets = (
				CEB0AE102A1F3A7D009522B3 /* UIKit_day_44 */,
			);
		};
/* End PBXProject section */

/* Begin PBXResourcesBuildPhase section */
		CEB0AE0F2A1F3A7D009522B3 /* Resources */ = {
			isa = PBXResourcesBuildPhase;
			buildActionMask = 2147483647;
			files = (
				CEB0AE212A1F3A7F009522B3 /* LaunchScreen.storyboard in Resources */,
				CEB0AE1E2A1F3A7F009522B3 /* Assets.xcassets in Resources */,
				CEB0AE1C2A1F3A7D009522B3 /* Main.storyboard in Resources */,
			);
			runOnlyForDeploymentPostprocessing = 0;
		};
/* End PBXResourcesBuildPhase section */

/* Begin PBXSourcesBuildPhase section */
		CEB0AE0D2A1F3A7D009522B3 /* Sources */ = {
			isa = PBXSourcesBuildPhase;
			buildActionMask = 2147483647;
			files = (
				CEB0AE2B2A1F53C3009522B3 /* Person.swift in Sources */,
				CEB0AE192A1F3A7D009522B3 /* ViewController.swift in Sources */,
				CEB0AE152A1F3A7D009522B3 /* AppDelegate.swift in Sources */,
				CEB0AE292A1F3E28009522B3 /* PersonCell.swift in Sources */,
				CEB0AE172A1F3A7D009522B3 /* SceneDelegate.swift in Sources */,
			);
			runOnlyForDeploymentPostprocessing = 0;
		};
/* End PBXSourcesBuildPhase section */

/* Begin PBXVariantGroup section */
		CEB0AE1A2A1F3A7D009522B3 /* Main.storyboard */ = {
			isa = PBXVariantGroup;
			children = (
				CEB0AE1B2A1F3A7D009522B3 /* Base */,
			);
			name = Main.storyboard;
			sourceTree = "<group>";
		};
		CEB0AE1F2A1F3A7F009522B3 /* LaunchScreen.storyboard */ = {
			isa = PBXVariantGroup;
			children = (
				CEB0AE202A1F3A7F009522B3 /* Base */,
			);
			name = LaunchScreen.storyboard;
			sourceTree = "<group>";
		};
/* End PBXVariantGroup section */

/* Begin XCBuildConfiguration section */
		CEB0AE232A1F3A7F009522B3 /* Debug */ = {
			isa = XCBuildConfiguration;
			buildSettings = {
				ALWAYS_SEARCH_USER_PATHS = NO;
				CLANG_ANALYZER_NONNULL = YES;
				CLANG_ANALYZER_NUMBER_OBJECT_CONVERSION = YES_AGGRESSIVE;
				CLANG_CXX_LANGUAGE_STANDARD = "gnu++20";
				CLANG_ENABLE_MODULES = YES;
				CLANG_ENABLE_OBJC_ARC = YES;
				CLANG_ENABLE_OBJC_WEAK = YES;
				CLANG_WARN_BLOCK_CAPTURE_AUTORELEASING = YES;
				CLANG_WARN_BOOL_CONVERSION = YES;
				CLANG_WARN_COMMA = YES;
				CLANG_WARN_CONSTANT_CONVERSION = YES;
				CLANG_WARN_DEPRECATED_OBJC_IMPLEMENTATIONS = YES;
				CLANG_WARN_DIRECT_OBJC_ISA_USAGE = YES_ERROR;
				CLANG_WARN_DOCUMENTATION_COMMENTS = YES;
				CLANG_WARN_EMPTY_BODY = YES;
				CLANG_WARN_ENUM_CONVERSION = YES;
				CLANG_WARN_INFINITE_RECURSION = YES;
				CLANG_WARN_INT_CONVERSION = YES;
				CLANG_WARN_NON_LITERAL_NULL_CONVERSION = YES;
				CLANG_WARN_OBJC_IMPLICIT_RETAIN_SELF = YES;
				CLANG_WARN_OBJC_LITERAL_CONVERSION = YES;
				CLANG_WARN_OBJC_ROOT_CLASS = YES_ERROR;
				CLANG_WARN_QUOTED_INCLUDE_IN_FRAMEWORK_HEADER = YES;
				CLANG_WARN_RANGE_LOOP_ANALYSIS = YES;
				CLANG_WARN_STRICT_PROTOTYPES = YES;
				CLANG_WARN_SUSPICIOUS_MOVE = YES;
				CLANG_WARN_UNGUARDED_AVAILABILITY = YES_AGGRESSIVE;
				CLANG_WARN_UNREACHABLE_CODE = YES;
				CLANG_WARN__DUPLICATE_METHOD_MATCH = YES;
				COPY_PHASE_STRIP = NO;
				DEBUG_INFORMATION_FORMAT = dwarf;
				ENABLE_STRICT_OBJC_MSGSEND = YES;
				ENABLE_TESTABILITY = YES;
				GCC_C_LANGUAGE_STANDARD = gnu11;
				GCC_DYNAMIC_NO_PIC = NO;
				GCC_NO_COMMON_BLOCKS = YES;
				GCC_OPTIMIZATION_LEVEL = 0;
				GCC_PREPROCESSOR_DEFINITIONS = (
					"DEBUG=1",
					"$(inherited)",
				);
				GCC_WARN_64_TO_32_BIT_CONVERSION = YES;
				GCC_WARN_ABOUT_RETURN_TYPE = YES_ERROR;
				GCC_WARN_UNDECLARED_SELECTOR = YES;
				GCC_WARN_UNINITIALIZED_AUTOS = YES_AGGRESSIVE;
				GCC_WARN_UNUSED_FUNCTION = YES;
				GCC_WARN_UNUSED_VARIABLE = YES;
				IPHONEOS_DEPLOYMENT_TARGET = 16.4;
				MTL_ENABLE_DEBUG_INFO = INCLUDE_SOURCE;
				MTL_FAST_MATH = YES;
				ONLY_ACTIVE_ARCH = YES;
				SDKROOT = iphoneos;
				SWIFT_ACTIVE_COMPILATION_CONDITIONS = DEBUG;
				SWIFT_OPTIMIZATION_LEVEL = "-Onone";
			};
			name = Debug;
		};
		CEB0AE242A1F3A7F009522B3 /* Release */ = {
			isa = XCBuildConfiguration;
			buildSettings = {
				ALWAYS_SEARCH_USER_PATHS = NO;
				CLANG_ANALYZER_NONNULL = YES;
				CLANG_ANALYZER_NUMBER_OBJECT_CONVERSION = YES_AGGRESSIVE;
				CLANG_CXX_LANGUAGE_STANDARD = "gnu++20";
				CLANG_ENABLE_MODULES = YES;
				CLANG_ENABLE_OBJC_ARC = YES;
				CLANG_ENABLE_OBJC_WEAK = YES;
				CLANG_WARN_BLOCK_CAPTURE_AUTORELEASING = YES;
				CLANG_WARN_BOOL_CONVERSION = YES;
				CLANG_WARN_COMMA = YES;
				CLANG_WARN_CONSTANT_CONVERSION = YES;
				CLANG_WARN_DEPRECATED_OBJC_IMPLEMENTATIONS = YES;
				CLANG_WARN_DIRECT_OBJC_ISA_USAGE = YES_ERROR;
				CLANG_WARN_DOCUMENTATION_COMMENTS = YES;
				CLANG_WARN_EMPTY_BODY = YES;
				CLANG_WARN_ENUM_CONVERSION = YES;
				CLANG_WARN_INFINITE_RECURSION = YES;
				CLANG_WARN_INT_CONVERSION = YES;
				CLANG_WARN_NON_LITERAL_NULL_CONVERSION = YES;
				CLANG_WARN_OBJC_IMPLICIT_RETAIN_SELF = YES;
				CLANG_WARN_OBJC_LITERAL_CONVERSION = YES;
				CLANG_WARN_OBJC_ROOT_CLASS = YES_ERROR;
				CLANG_WARN_QUOTED_INCLUDE_IN_FRAMEWORK_HEADER = YES;
				CLANG_WARN_RANGE_LOOP_ANALYSIS = YES;
				CLANG_WARN_STRICT_PROTOTYPES = YES;
				CLANG_WARN_SUSPICIOUS_MOVE = YES;
				CLANG_WARN_UNGUARDED_AVAILABILITY = YES_AGGRESSIVE;
				CLANG_WARN_UNREACHABLE_CODE = YES;
				CLANG_WARN__DUPLICATE_METHOD_MATCH = YES;
				COPY_PHASE_STRIP = NO;
				DEBUG_INFORMATION_FORMAT = "dwarf-with-dsym";
				ENABLE_NS_ASSERTIONS = NO;
				ENABLE_STRICT_OBJC_MSGSEND = YES;
				GCC_C_LANGUAGE_STANDARD = gnu11;
				GCC_NO_COMMON_BLOCKS = YES;
				GCC_WARN_64_TO_32_BIT_CONVERSION = YES;
				GCC_WARN_ABOUT_RETURN_TYPE = YES_ERROR;
				GCC_WARN_UNDECLARED_SELECTOR = YES;
				GCC_WARN_UNINITIALIZED_AUTOS = YES_AGGRESSIVE;
				GCC_WARN_UNUSED_FUNCTION = YES;
				GCC_WARN_UNUSED_VARIABLE = YES;
				IPHONEOS_DEPLOYMENT_TARGET = 16.4;
				MTL_ENABLE_DEBUG_INFO = NO;
				MTL_FAST_MATH = YES;
				SDKROOT = iphoneos;
				SWIFT_COMPILATION_MODE = wholemodule;
				SWIFT_OPTIMIZATION_LEVEL = "-O";
				VALIDATE_PRODUCT = YES;
			};
			name = Release;
		};
		CEB0AE262A1F3A7F009522B3 /* Debug */ = {
			isa = XCBuildConfiguration;
			buildSettings = {
				ASSETCATALOG_COMPILER_APPICON_NAME = AppIcon;
				ASSETCATALOG_COMPILER_GLOBAL_ACCENT_COLOR_NAME = AccentColor;
				CODE_SIGN_STYLE = Automatic;
				CURRENT_PROJECT_VERSION = 1;
				DEVELOPMENT_TEAM = CZH2CMCGCZ;
				GENERATE_INFOPLIST_FILE = YES;
				INFOPLIST_FILE = UIKit_day_44/Info.plist;
				INFOPLIST_KEY_UIApplicationSupportsIndirectInputEvents = YES;
				INFOPLIST_KEY_UILaunchStoryboardName = LaunchScreen;
				INFOPLIST_KEY_UIMainStoryboardFile = Main;
				INFOPLIST_KEY_UISupportedInterfaceOrientations_iPad = "UIInterfaceOrientationPortrait UIInterfaceOrientationPortraitUpsideDown UIInterfaceOrientationLandscapeLeft UIInterfaceOrientationLandscapeRight";
				INFOPLIST_KEY_UISupportedInterfaceOrientations_iPhone = "UIInterfaceOrientationPortrait UIInterfaceOrientationLandscapeLeft UIInterfaceOrientationLandscapeRight";
				LD_RUNPATH_SEARCH_PATHS = (
					"$(inherited)",
					"@executable_path/Frameworks",
				);
				MARKETING_VERSION = 1.0;
				PRODUCT_BUNDLE_IDENTIFIER = "com.UIKit.UIKit-day-44";
				PRODUCT_NAME = "$(TARGET_NAME)";
				SWIFT_EMIT_LOC_STRINGS = YES;
				SWIFT_VERSION = 5.0;
				TARGETED_DEVICE_FAMILY = "1,2";
			};
			name = Debug;
		};
		CEB0AE272A1F3A7F009522B3 /* Release */ = {
			isa = XCBuildConfiguration;
			buildSettings = {
				ASSETCATALOG_COMPILER_APPICON_NAME = AppIcon;
				ASSETCATALOG_COMPILER_GLOBAL_ACCENT_COLOR_NAME = AccentColor;
				CODE_SIGN_STYLE = Automatic;
				CURRENT_PROJECT_VERSION = 1;
				DEVELOPMENT_TEAM = CZH2CMCGCZ;
				GENERATE_INFOPLIST_FILE = YES;
				INFOPLIST_FILE = UIKit_day_44/Info.plist;
				INFOPLIST_KEY_UIApplicationSupportsIndirectInputEvents = YES;
				INFOPLIST_KEY_UILaunchStoryboardName = LaunchScreen;
				INFOPLIST_KEY_UIMainStoryboardFile = Main;
				INFOPLIST_KEY_UISupportedInterfaceOrientations_iPad = "UIInterfaceOrientationPortrait UIInterfaceOrientationPortraitUpsideDown UIInterfaceOrientationLandscapeLeft UIInterfaceOrientationLandscapeRight";
				INFOPLIST_KEY_UISupportedInterfaceOrientations_iPhone = "UIInterfaceOrientationPortrait UIInterfaceOrientationLandscapeLeft UIInterfaceOrientationLandscapeRight";
				LD_RUNPATH_SEARCH_PATHS = (
					"$(inherited)",
					"@executable_path/Frameworks",
				);
				MARKETING_VERSION = 1.0;
				PRODUCT_BUNDLE_IDENTIFIER = "com.UIKit.UIKit-day-44";
				PRODUCT_NAME = "$(TARGET_NAME)";
				SWIFT_EMIT_LOC_STRINGS = YES;
				SWIFT_VERSION = 5.0;
				TARGETED_DEVICE_FAMILY = "1,2";
			};
			name = Release;
		};
/* End XCBuildConfiguration section */

/* Begin XCConfigurationList section */
		CEB0AE0C2A1F3A7D009522B3 /* Build configuration list for PBXProject "UIKit_day_44" */ = {
			isa = XCConfigurationList;
			buildConfigurations = (
				CEB0AE232A1F3A7F009522B3 /* Debug */,
				CEB0AE242A1F3A7F009522B3 /* Release */,
			);
			defaultConfigurationIsVisible = 0;
			defaultConfigurationName = Release;
		};
		CEB0AE252A1F3A7F009522B3 /* Build configuration list for PBXNativeTarget "UIKit_day_44" */ = {
			isa = XCConfigurationList;
			buildConfigurations = (
				CEB0AE262A1F3A7F009522B3 /* Debug */,
				CEB0AE272A1F3A7F009522B3 /* Release */,
			);
			defaultConfigurationIsVisible = 0;
			defaultConfigurationName = Release;
		};
/* End XCConfigurationList section */
	};
	rootObject = CEB0AE092A1F3A7D009522B3 /* Project object */;
}
