// !$*UTF8*$!
{
	archiveVersion = 1;
	classes = {
	};
	objectVersion = 56;
	objects = {

/* Begin PBXBuildFile section */
		CE39E0CC2AE186A600214FD9 /* AppDelegate.swift in Sources */ = {isa = PBXBuildFile; fileRef = CE39E0CB2AE186A600214FD9 /* AppDelegate.swift */; };
		CE39E0CE2AE186A600214FD9 /* SceneDelegate.swift in Sources */ = {isa = PBXBuildFile; fileRef = CE39E0CD2AE186A600214FD9 /* SceneDelegate.swift */; };
		CE39E0D02AE186A600214FD9 /* ViewController.swift in Sources */ = {isa = PBXBuildFile; fileRef = CE39E0CF2AE186A600214FD9 /* ViewController.swift */; };
		CE39E0D32AE186A600214FD9 /* Main.storyboard in Resources */ = {isa = PBXBuildFile; fileRef = CE39E0D12AE186A600214FD9 /* Main.storyboard */; };
		CE39E0D52AE186A800214FD9 /* Assets.xcassets in Resources */ = {isa = PBXBuildFile; fileRef = CE39E0D42AE186A800214FD9 /* Assets.xcassets */; };
		CE39E0D82AE186A800214FD9 /* LaunchScreen.storyboard in Resources */ = {isa = PBXBuildFile; fileRef = CE39E0D62AE186A800214FD9 /* LaunchScreen.storyboard */; };
		CE39E0E02AE1894000214FD9 /* RecordWhistleViewController.swift in Sources */ = {isa = PBXBuildFile; fileRef = CE39E0DF2AE1894000214FD9 /* RecordWhistleViewController.swift */; };
		CE79CABD2AE7EACC0007713B /* SelectGenreController.swift in Sources */ = {isa = PBXBuildFile; fileRef = CE79CABC2AE7EACC0007713B /* SelectGenreController.swift */; };
		CE79CABF2AE7ED030007713B /* AddCommentsViewController.swift in Sources */ = {isa = PBXBuildFile; fileRef = CE79CABE2AE7ED030007713B /* AddCommentsViewController.swift */; };
		CE79CAC12AE7EFCD0007713B /* SubmitViewController.swift in Sources */ = {isa = PBXBuildFile; fileRef = CE79CAC02AE7EFCD0007713B /* SubmitViewController.swift */; };
		CE79CAE32AEABA200007713B /* Whistle.swift in Sources */ = {isa = PBXBuildFile; fileRef = CE79CAE22AEABA200007713B /* Whistle.swift */; };
		CE79CAE52AEBDA200007713B /* CloudStore.swift in Sources */ = {isa = PBXBuildFile; fileRef = CE79CAE42AEBDA200007713B /* CloudStore.swift */; };
		CE79CAE72AEE2FE50007713B /* ResultViewController.swift in Sources */ = {isa = PBXBuildFile; fileRef = CE79CAE62AEE2FE50007713B /* ResultViewController.swift */; };
		CE79CAE92AEFEBC80007713B /* MyGenreViewController.swift in Sources */ = {isa = PBXBuildFile; fileRef = CE79CAE82AEFEBC80007713B /* MyGenreViewController.swift */; };
/* End PBXBuildFile section */

/* Begin PBXFileReference section */
		CE39E0C82AE186A600214FD9 /* UIKit_day_91.app */ = {isa = PBXFileReference; explicitFileType = wrapper.application; includeInIndex = 0; path = UIKit_day_91.app; sourceTree = BUILT_PRODUCTS_DIR; };
		CE39E0CB2AE186A600214FD9 /* AppDelegate.swift */ = {isa = PBXFileReference; lastKnownFileType = sourcecode.swift; path = AppDelegate.swift; sourceTree = "<group>"; };
		CE39E0CD2AE186A600214FD9 /* SceneDelegate.swift */ = {isa = PBXFileReference; lastKnownFileType = sourcecode.swift; path = SceneDelegate.swift; sourceTree = "<group>"; };
		CE39E0CF2AE186A600214FD9 /* ViewController.swift */ = {isa = PBXFileReference; lastKnownFileType = sourcecode.swift; path = ViewController.swift; sourceTree = "<group>"; };
		CE39E0D22AE186A600214FD9 /* Base */ = {isa = PBXFileReference; lastKnownFileType = file.storyboard; name = Base; path = Base.lproj/Main.storyboard; sourceTree = "<group>"; };
		CE39E0D42AE186A800214FD9 /* Assets.xcassets */ = {isa = PBXFileReference; lastKnownFileType = folder.assetcatalog; path = Assets.xcassets; sourceTree = "<group>"; };
		CE39E0D72AE186A800214FD9 /* Base */ = {isa = PBXFileReference; lastKnownFileType = file.storyboard; name = Base; path = Base.lproj/LaunchScreen.storyboard; sourceTree = "<group>"; };
		CE39E0D92AE186A800214FD9 /* Info.plist */ = {isa = PBXFileReference; lastKnownFileType = text.plist.xml; path = Info.plist; sourceTree = "<group>"; };
		CE39E0DF2AE1894000214FD9 /* RecordWhistleViewController.swift */ = {isa = PBXFileReference; lastKnownFileType = sourcecode.swift; path = RecordWhistleViewController.swift; sourceTree = "<group>"; };
		CE79CABC2AE7EACC0007713B /* SelectGenreController.swift */ = {isa = PBXFileReference; lastKnownFileType = sourcecode.swift; path = SelectGenreController.swift; sourceTree = "<group>"; };
		CE79CABE2AE7ED030007713B /* AddCommentsViewController.swift */ = {isa = PBXFileReference; lastKnownFileType = sourcecode.swift; path = AddCommentsViewController.swift; sourceTree = "<group>"; };
		CE79CAC02AE7EFCD0007713B /* SubmitViewController.swift */ = {isa = PBXFileReference; lastKnownFileType = sourcecode.swift; path = SubmitViewController.swift; sourceTree = "<group>"; };
		CE79CAC22AE9658A0007713B /* UIKit_day_91.entitlements */ = {isa = PBXFileReference; lastKnownFileType = text.plist.entitlements; path = UIKit_day_91.entitlements; sourceTree = "<group>"; };
		CE79CAE22AEABA200007713B /* Whistle.swift */ = {isa = PBXFileReference; lastKnownFileType = sourcecode.swift; path = Whistle.swift; sourceTree = "<group>"; };
		CE79CAE42AEBDA200007713B /* CloudStore.swift */ = {isa = PBXFileReference; lastKnownFileType = sourcecode.swift; path = CloudStore.swift; sourceTree = "<group>"; };
		CE79CAE62AEE2FE50007713B /* ResultViewController.swift */ = {isa = PBXFileReference; lastKnownFileType = sourcecode.swift; path = ResultViewController.swift; sourceTree = "<group>"; };
		CE79CAE82AEFEBC80007713B /* MyGenreViewController.swift */ = {isa = PBXFileReference; lastKnownFileType = sourcecode.swift; path = MyGenreViewController.swift; sourceTree = "<group>"; };
/* End PBXFileReference section */

/* Begin PBXFrameworksBuildPhase section */
		CE39E0C52AE186A600214FD9 /* Frameworks */ = {
			isa = PBXFrameworksBuildPhase;
			buildActionMask = 2147483647;
			files = (
			);
			runOnlyForDeploymentPostprocessing = 0;
		};
/* End PBXFrameworksBuildPhase section */

/* Begin PBXGroup section */
		CE39E0BF2AE186A600214FD9 = {
			isa = PBXGroup;
			children = (
				CE39E0CA2AE186A600214FD9 /* UIKit_day_91 */,
				CE39E0C92AE186A600214FD9 /* Products */,
			);
			sourceTree = "<group>";
		};
		CE39E0C92AE186A600214FD9 /* Products */ = {
			isa = PBXGroup;
			children = (
				CE39E0C82AE186A600214FD9 /* UIKit_day_91.app */,
			);
			name = Products;
			sourceTree = "<group>";
		};
		CE39E0CA2AE186A600214FD9 /* UIKit_day_91 */ = {
			isa = PBXGroup;
			children = (
				CE79CAC22AE9658A0007713B /* UIKit_day_91.entitlements */,
				CE39E0CB2AE186A600214FD9 /* AppDelegate.swift */,
				CE79CAE82AEFEBC80007713B /* MyGenreViewController.swift */,
				CE39E0CD2AE186A600214FD9 /* SceneDelegate.swift */,
				CE39E0CF2AE186A600214FD9 /* ViewController.swift */,
				CE79CAE62AEE2FE50007713B /* ResultViewController.swift */,
				CE39E0DF2AE1894000214FD9 /* RecordWhistleViewController.swift */,
				CE79CABC2AE7EACC0007713B /* SelectGenreController.swift */,
				CE79CABE2AE7ED030007713B /* AddCommentsViewController.swift */,
				CE79CAC02AE7EFCD0007713B /* SubmitViewController.swift */,
				CE79CAE42AEBDA200007713B /* CloudStore.swift */,
				CE39E0D12AE186A600214FD9 /* Main.storyboard */,
				CE79CAE22AEABA200007713B /* Whistle.swift */,
				CE39E0D42AE186A800214FD9 /* Assets.xcassets */,
				CE39E0D62AE186A800214FD9 /* LaunchScreen.storyboard */,
				CE39E0D92AE186A800214FD9 /* Info.plist */,
			);
			path = UIKit_day_91;
			sourceTree = "<group>";
		};
/* End PBXGroup section */

/* Begin PBXNativeTarget section */
		CE39E0C72AE186A600214FD9 /* UIKit_day_91 */ = {
			isa = PBXNativeTarget;
			buildConfigurationList = CE39E0DC2AE186A800214FD9 /* Build configuration list for PBXNativeTarget "UIKit_day_91" */;
			buildPhases = (
				CE39E0C42AE186A600214FD9 /* Sources */,
				CE39E0C52AE186A600214FD9 /* Frameworks */,
				CE39E0C62AE186A600214FD9 /* Resources */,
			);
			buildRules = (
			);
			dependencies = (
			);
			name = UIKit_day_91;
			productName = UIKit_day_91;
			productReference = CE39E0C82AE186A600214FD9 /* UIKit_day_91.app */;
			productType = "com.apple.product-type.application";
		};
/* End PBXNativeTarget section */

/* Begin PBXProject section */
		CE39E0C02AE186A600214FD9 /* Project object */ = {
			isa = PBXProject;
			attributes = {
				BuildIndependentTargetsInParallel = 1;
				LastSwiftUpdateCheck = 1430;
				LastUpgradeCheck = 1430;
				TargetAttributes = {
					CE39E0C72AE186A600214FD9 = {
						CreatedOnToolsVersion = 14.3;
					};
				};
			};
			buildConfigurationList = CE39E0C32AE186A600214FD9 /* Build configuration list for PBXProject "UIKit_day_91" */;
			compatibilityVersion = "Xcode 14.0";
			developmentRegion = en;
			hasScannedForEncodings = 0;
			knownRegions = (
				en,
				Base,
			);
			mainGroup = CE39E0BF2AE186A600214FD9;
			productRefGroup = CE39E0C92AE186A600214FD9 /* Products */;
			projectDirPath = "";
			projectRoot = "";
			targets = (
				CE39E0C72AE186A600214FD9 /* UIKit_day_91 */,
			);
		};
/* End PBXProject section */

/* Begin PBXResourcesBuildPhase section */
		CE39E0C62AE186A600214FD9 /* Resources */ = {
			isa = PBXResourcesBuildPhase;
			buildActionMask = 2147483647;
			files = (
				CE39E0D82AE186A800214FD9 /* LaunchScreen.storyboard in Resources */,
				CE39E0D52AE186A800214FD9 /* Assets.xcassets in Resources */,
				CE39E0D32AE186A600214FD9 /* Main.storyboard in Resources */,
			);
			runOnlyForDeploymentPostprocessing = 0;
		};
/* End PBXResourcesBuildPhase section */

/* Begin PBXSourcesBuildPhase section */
		CE39E0C42AE186A600214FD9 /* Sources */ = {
			isa = PBXSourcesBuildPhase;
			buildActionMask = 2147483647;
			files = (
				CE79CAE32AEABA200007713B /* Whistle.swift in Sources */,
				CE79CAC12AE7EFCD0007713B /* SubmitViewController.swift in Sources */,
				CE39E0D02AE186A600214FD9 /* ViewController.swift in Sources */,
				CE79CAE72AEE2FE50007713B /* ResultViewController.swift in Sources */,
				CE39E0CC2AE186A600214FD9 /* AppDelegate.swift in Sources */,
				CE39E0E02AE1894000214FD9 /* RecordWhistleViewController.swift in Sources */,
				CE79CAE52AEBDA200007713B /* CloudStore.swift in Sources */,
				CE39E0CE2AE186A600214FD9 /* SceneDelegate.swift in Sources */,
				CE79CABF2AE7ED030007713B /* AddCommentsViewController.swift in Sources */,
				CE79CAE92AEFEBC80007713B /* MyGenreViewController.swift in Sources */,
				CE79CABD2AE7EACC0007713B /* SelectGenreController.swift in Sources */,
			);
			runOnlyForDeploymentPostprocessing = 0;
		};
/* End PBXSourcesBuildPhase section */

/* Begin PBXVariantGroup section */
		CE39E0D12AE186A600214FD9 /* Main.storyboard */ = {
			isa = PBXVariantGroup;
			children = (
				CE39E0D22AE186A600214FD9 /* Base */,
			);
			name = Main.storyboard;
			sourceTree = "<group>";
		};
		CE39E0D62AE186A800214FD9 /* LaunchScreen.storyboard */ = {
			isa = PBXVariantGroup;
			children = (
				CE39E0D72AE186A800214FD9 /* Base */,
			);
			name = LaunchScreen.storyboard;
			sourceTree = "<group>";
		};
/* End PBXVariantGroup section */

/* Begin XCBuildConfiguration section */
		CE39E0DA2AE186A800214FD9 /* Debug */ = {
			isa = XCBuildConfiguration;
			buildSettings = {
				ALWAYS_SEARCH_USER_PATHS = NO;
				CLANG_ANALYZER_NONNULL = YES;
				CLANG_ANALYZER_NUMBER_OBJECT_CONVERSION = YES_AGGRESSIVE;
				CLANG_CXX_LANGUAGE_STANDARD = "gnu++20";
				CLANG_ENABLE_MODULES = YES;
				CLANG_ENABLE_OBJC_ARC = YES;
				CLANG_ENABLE_OBJC_WEAK = YES;
				CLANG_WARN_BLOCK_CAPTURE_AUTORELEASING = YES;
				CLANG_WARN_BOOL_CONVERSION = YES;
				CLANG_WARN_COMMA = YES;
				CLANG_WARN_CONSTANT_CONVERSION = YES;
				CLANG_WARN_DEPRECATED_OBJC_IMPLEMENTATIONS = YES;
				CLANG_WARN_DIRECT_OBJC_ISA_USAGE = YES_ERROR;
				CLANG_WARN_DOCUMENTATION_COMMENTS = YES;
				CLANG_WARN_EMPTY_BODY = YES;
				CLANG_WARN_ENUM_CONVERSION = YES;
				CLANG_WARN_INFINITE_RECURSION = YES;
				CLANG_WARN_INT_CONVERSION = YES;
				CLANG_WARN_NON_LITERAL_NULL_CONVERSION = YES;
				CLANG_WARN_OBJC_IMPLICIT_RETAIN_SELF = YES;
				CLANG_WARN_OBJC_LITERAL_CONVERSION = YES;
				CLANG_WARN_OBJC_ROOT_CLASS = YES_ERROR;
				CLANG_WARN_QUOTED_INCLUDE_IN_FRAMEWORK_HEADER = YES;
				CLANG_WARN_RANGE_LOOP_ANALYSIS = YES;
				CLANG_WARN_STRICT_PROTOTYPES = YES;
				CLANG_WARN_SUSPICIOUS_MOVE = YES;
				CLANG_WARN_UNGUARDED_AVAILABILITY = YES_AGGRESSIVE;
				CLANG_WARN_UNREACHABLE_CODE = YES;
				CLANG_WARN__DUPLICATE_METHOD_MATCH = YES;
				COPY_PHASE_STRIP = NO;
				DEBUG_INFORMATION_FORMAT = dwarf;
				ENABLE_STRICT_OBJC_MSGSEND = YES;
				ENABLE_TESTABILITY = YES;
				GCC_C_LANGUAGE_STANDARD = gnu11;
				GCC_DYNAMIC_NO_PIC = NO;
				GCC_NO_COMMON_BLOCKS = YES;
				GCC_OPTIMIZATION_LEVEL = 0;
				GCC_PREPROCESSOR_DEFINITIONS = (
					"DEBUG=1",
					"$(inherited)",
				);
				GCC_WARN_64_TO_32_BIT_CONVERSION = YES;
				GCC_WARN_ABOUT_RETURN_TYPE = YES_ERROR;
				GCC_WARN_UNDECLARED_SELECTOR = YES;
				GCC_WARN_UNINITIALIZED_AUTOS = YES_AGGRESSIVE;
				GCC_WARN_UNUSED_FUNCTION = YES;
				GCC_WARN_UNUSED_VARIABLE = YES;
				IPHONEOS_DEPLOYMENT_TARGET = 16.4;
				MTL_ENABLE_DEBUG_INFO = INCLUDE_SOURCE;
				MTL_FAST_MATH = YES;
				ONLY_ACTIVE_ARCH = YES;
				SDKROOT = iphoneos;
				SWIFT_ACTIVE_COMPILATION_CONDITIONS = DEBUG;
				SWIFT_OPTIMIZATION_LEVEL = "-Onone";
			};
			name = Debug;
		};
		CE39E0DB2AE186A800214FD9 /* Release */ = {
			isa = XCBuildConfiguration;
			buildSettings = {
				ALWAYS_SEARCH_USER_PATHS = NO;
				CLANG_ANALYZER_NONNULL = YES;
				CLANG_ANALYZER_NUMBER_OBJECT_CONVERSION = YES_AGGRESSIVE;
				CLANG_CXX_LANGUAGE_STANDARD = "gnu++20";
				CLANG_ENABLE_MODULES = YES;
				CLANG_ENABLE_OBJC_ARC = YES;
				CLANG_ENABLE_OBJC_WEAK = YES;
				CLANG_WARN_BLOCK_CAPTURE_AUTORELEASING = YES;
				CLANG_WARN_BOOL_CONVERSION = YES;
				CLANG_WARN_COMMA = YES;
				CLANG_WARN_CONSTANT_CONVERSION = YES;
				CLANG_WARN_DEPRECATED_OBJC_IMPLEMENTATIONS = YES;
				CLANG_WARN_DIRECT_OBJC_ISA_USAGE = YES_ERROR;
				CLANG_WARN_DOCUMENTATION_COMMENTS = YES;
				CLANG_WARN_EMPTY_BODY = YES;
				CLANG_WARN_ENUM_CONVERSION = YES;
				CLANG_WARN_INFINITE_RECURSION = YES;
				CLANG_WARN_INT_CONVERSION = YES;
				CLANG_WARN_NON_LITERAL_NULL_CONVERSION = YES;
				CLANG_WARN_OBJC_IMPLICIT_RETAIN_SELF = YES;
				CLANG_WARN_OBJC_LITERAL_CONVERSION = YES;
				CLANG_WARN_OBJC_ROOT_CLASS = YES_ERROR;
				CLANG_WARN_QUOTED_INCLUDE_IN_FRAMEWORK_HEADER = YES;
				CLANG_WARN_RANGE_LOOP_ANALYSIS = YES;
				CLANG_WARN_STRICT_PROTOTYPES = YES;
				CLANG_WARN_SUSPICIOUS_MOVE = YES;
				CLANG_WARN_UNGUARDED_AVAILABILITY = YES_AGGRESSIVE;
				CLANG_WARN_UNREACHABLE_CODE = YES;
				CLANG_WARN__DUPLICATE_METHOD_MATCH = YES;
				COPY_PHASE_STRIP = NO;
				DEBUG_INFORMATION_FORMAT = "dwarf-with-dsym";
				ENABLE_NS_ASSERTIONS = NO;
				ENABLE_STRICT_OBJC_MSGSEND = YES;
				GCC_C_LANGUAGE_STANDARD = gnu11;
				GCC_NO_COMMON_BLOCKS = YES;
				GCC_WARN_64_TO_32_BIT_CONVERSION = YES;
				GCC_WARN_ABOUT_RETURN_TYPE = YES_ERROR;
				GCC_WARN_UNDECLARED_SELECTOR = YES;
				GCC_WARN_UNINITIALIZED_AUTOS = YES_AGGRESSIVE;
				GCC_WARN_UNUSED_FUNCTION = YES;
				GCC_WARN_UNUSED_VARIABLE = YES;
				IPHONEOS_DEPLOYMENT_TARGET = 16.4;
				MTL_ENABLE_DEBUG_INFO = NO;
				MTL_FAST_MATH = YES;
				SDKROOT = iphoneos;
				SWIFT_COMPILATION_MODE = wholemodule;
				SWIFT_OPTIMIZATION_LEVEL = "-O";
				VALIDATE_PRODUCT = YES;
			};
			name = Release;
		};
		CE39E0DD2AE186A800214FD9 /* Debug */ = {
			isa = XCBuildConfiguration;
			buildSettings = {
				ASSETCATALOG_COMPILER_APPICON_NAME = AppIcon;
				ASSETCATALOG_COMPILER_GLOBAL_ACCENT_COLOR_NAME = AccentColor;
				CODE_SIGN_ENTITLEMENTS = UIKit_day_91/UIKit_day_91.entitlements;
				CODE_SIGN_STYLE = Automatic;
				CURRENT_PROJECT_VERSION = 1;
				DEVELOPMENT_TEAM = CZH2CMCGCZ;
				GENERATE_INFOPLIST_FILE = YES;
				INFOPLIST_FILE = UIKit_day_91/Info.plist;
				INFOPLIST_KEY_LSApplicationCategoryType = "";
				INFOPLIST_KEY_NSMicrophoneUsageDescription = "We need to record your whistle";
				INFOPLIST_KEY_UIApplicationSupportsIndirectInputEvents = YES;
				INFOPLIST_KEY_UILaunchStoryboardName = LaunchScreen;
				INFOPLIST_KEY_UIMainStoryboardFile = Main;
				INFOPLIST_KEY_UISupportedInterfaceOrientations_iPad = "UIInterfaceOrientationPortrait UIInterfaceOrientationPortraitUpsideDown UIInterfaceOrientationLandscapeLeft UIInterfaceOrientationLandscapeRight";
				INFOPLIST_KEY_UISupportedInterfaceOrientations_iPhone = "UIInterfaceOrientationPortrait UIInterfaceOrientationLandscapeLeft UIInterfaceOrientationLandscapeRight";
				IPHONEOS_DEPLOYMENT_TARGET = 16.2;
				LD_RUNPATH_SEARCH_PATHS = (
					"$(inherited)",
					"@executable_path/Frameworks",
				);
				MARKETING_VERSION = 1.0;
				PRODUCT_BUNDLE_IDENTIFIER = "com.Lets.UIKit-day-91";
				PRODUCT_NAME = "$(TARGET_NAME)";
				SWIFT_EMIT_LOC_STRINGS = YES;
				SWIFT_VERSION = 5.0;
				TARGETED_DEVICE_FAMILY = "1,2";
			};
			name = Debug;
		};
		CE39E0DE2AE186A800214FD9 /* Release */ = {
			isa = XCBuildConfiguration;
			buildSettings = {
				ASSETCATALOG_COMPILER_APPICON_NAME = AppIcon;
				ASSETCATALOG_COMPILER_GLOBAL_ACCENT_COLOR_NAME = AccentColor;
				CODE_SIGN_ENTITLEMENTS = UIKit_day_91/UIKit_day_91.entitlements;
				CODE_SIGN_STYLE = Automatic;
				CURRENT_PROJECT_VERSION = 1;
				DEVELOPMENT_TEAM = CZH2CMCGCZ;
				GENERATE_INFOPLIST_FILE = YES;
				INFOPLIST_FILE = UIKit_day_91/Info.plist;
				INFOPLIST_KEY_LSApplicationCategoryType = "";
				INFOPLIST_KEY_NSMicrophoneUsageDescription = "We need to record your whistle";
				INFOPLIST_KEY_UIApplicationSupportsIndirectInputEvents = YES;
				INFOPLIST_KEY_UILaunchStoryboardName = LaunchScreen;
				INFOPLIST_KEY_UIMainStoryboardFile = Main;
				INFOPLIST_KEY_UISupportedInterfaceOrientations_iPad = "UIInterfaceOrientationPortrait UIInterfaceOrientationPortraitUpsideDown UIInterfaceOrientationLandscapeLeft UIInterfaceOrientationLandscapeRight";
				INFOPLIST_KEY_UISupportedInterfaceOrientations_iPhone = "UIInterfaceOrientationPortrait UIInterfaceOrientationLandscapeLeft UIInterfaceOrientationLandscapeRight";
				IPHONEOS_DEPLOYMENT_TARGET = 16.2;
				LD_RUNPATH_SEARCH_PATHS = (
					"$(inherited)",
					"@executable_path/Frameworks",
				);
				MARKETING_VERSION = 1.0;
				PRODUCT_BUNDLE_IDENTIFIER = "com.Lets.UIKit-day-91";
				PRODUCT_NAME = "$(TARGET_NAME)";
				SWIFT_EMIT_LOC_STRINGS = YES;
				SWIFT_VERSION = 5.0;
				TARGETED_DEVICE_FAMILY = "1,2";
			};
			name = Release;
		};
/* End XCBuildConfiguration section */

/* Begin XCConfigurationList section */
		CE39E0C32AE186A600214FD9 /* Build configuration list for PBXProject "UIKit_day_91" */ = {
			isa = XCConfigurationList;
			buildConfigurations = (
				CE39E0DA2AE186A800214FD9 /* Debug */,
				CE39E0DB2AE186A800214FD9 /* Release */,
			);
			defaultConfigurationIsVisible = 0;
			defaultConfigurationName = Release;
		};
		CE39E0DC2AE186A800214FD9 /* Build configuration list for PBXNativeTarget "UIKit_day_91" */ = {
			isa = XCConfigurationList;
			buildConfigurations = (
				CE39E0DD2AE186A800214FD9 /* Debug */,
				CE39E0DE2AE186A800214FD9 /* Release */,
			);
			defaultConfigurationIsVisible = 0;
			defaultConfigurationName = Release;
		};
/* End XCConfigurationList section */
	};
	rootObject = CE39E0C02AE186A600214FD9 /* Project object */;
}
