// !$*UTF8*$!
{
	archiveVersion = 1;
	classes = {
	};
	objectVersion = 56;
	objects = {

/* Begin PBXBuildFile section */
		CE090F1C29C16420002E7B76 /* AppDelegate.swift in Sources */ = {isa = PBXBuildFile; fileRef = CE090F1B29C16420002E7B76 /* AppDelegate.swift */; };
		CE090F1E29C16420002E7B76 /* SceneDelegate.swift in Sources */ = {isa = PBXBuildFile; fileRef = CE090F1D29C16420002E7B76 /* SceneDelegate.swift */; };
		CE090F2029C16420002E7B76 /* ViewController.swift in Sources */ = {isa = PBXBuildFile; fileRef = CE090F1F29C16420002E7B76 /* ViewController.swift */; };
		CE090F2329C16420002E7B76 /* Main.storyboard in Resources */ = {isa = PBXBuildFile; fileRef = CE090F2129C16420002E7B76 /* Main.storyboard */; };
		CE090F2529C16421002E7B76 /* Assets.xcassets in Resources */ = {isa = PBXBuildFile; fileRef = CE090F2429C16421002E7B76 /* Assets.xcassets */; };
		CE090F2829C16421002E7B76 /* LaunchScreen.storyboard in Resources */ = {isa = PBXBuildFile; fileRef = CE090F2629C16421002E7B76 /* LaunchScreen.storyboard */; };
		CE090F3A29C16462002E7B76 /* nssl0049.jpg in Resources */ = {isa = PBXBuildFile; fileRef = CE090F3029C16462002E7B76 /* nssl0049.jpg */; };
		CE090F3B29C16462002E7B76 /* nssl0046.jpg in Resources */ = {isa = PBXBuildFile; fileRef = CE090F3129C16462002E7B76 /* nssl0046.jpg */; };
		CE090F3C29C16462002E7B76 /* nssl0091.jpg in Resources */ = {isa = PBXBuildFile; fileRef = CE090F3229C16462002E7B76 /* nssl0091.jpg */; };
		CE090F3D29C16462002E7B76 /* nssl0045.jpg in Resources */ = {isa = PBXBuildFile; fileRef = CE090F3329C16462002E7B76 /* nssl0045.jpg */; };
		CE090F3E29C16462002E7B76 /* nssl0051.jpg in Resources */ = {isa = PBXBuildFile; fileRef = CE090F3429C16462002E7B76 /* nssl0051.jpg */; };
		CE090F3F29C16462002E7B76 /* nssl0041.jpg in Resources */ = {isa = PBXBuildFile; fileRef = CE090F3529C16462002E7B76 /* nssl0041.jpg */; };
		CE090F4029C16462002E7B76 /* nssl0042.jpg in Resources */ = {isa = PBXBuildFile; fileRef = CE090F3629C16462002E7B76 /* nssl0042.jpg */; };
		CE090F4129C16462002E7B76 /* nssl0043.jpg in Resources */ = {isa = PBXBuildFile; fileRef = CE090F3729C16462002E7B76 /* nssl0043.jpg */; };
		CE090F4229C16462002E7B76 /* nssl0033.jpg in Resources */ = {isa = PBXBuildFile; fileRef = CE090F3829C16462002E7B76 /* nssl0033.jpg */; };
		CE090F4329C16462002E7B76 /* nssl0034.jpg in Resources */ = {isa = PBXBuildFile; fileRef = CE090F3929C16462002E7B76 /* nssl0034.jpg */; };
		CE090F4529C17F33002E7B76 /* DetailViewController.swift in Sources */ = {isa = PBXBuildFile; fileRef = CE090F4429C17F33002E7B76 /* DetailViewController.swift */; };
/* End PBXBuildFile section */

/* Begin PBXFileReference section */
		CE090F1829C16420002E7B76 /* UIKit_day_18.app */ = {isa = PBXFileReference; explicitFileType = wrapper.application; includeInIndex = 0; path = UIKit_day_18.app; sourceTree = BUILT_PRODUCTS_DIR; };
		CE090F1B29C16420002E7B76 /* AppDelegate.swift */ = {isa = PBXFileReference; lastKnownFileType = sourcecode.swift; path = AppDelegate.swift; sourceTree = "<group>"; };
		CE090F1D29C16420002E7B76 /* SceneDelegate.swift */ = {isa = PBXFileReference; lastKnownFileType = sourcecode.swift; path = SceneDelegate.swift; sourceTree = "<group>"; };
		CE090F1F29C16420002E7B76 /* ViewController.swift */ = {isa = PBXFileReference; lastKnownFileType = sourcecode.swift; path = ViewController.swift; sourceTree = "<group>"; };
		CE090F2229C16420002E7B76 /* Base */ = {isa = PBXFileReference; lastKnownFileType = file.storyboard; name = Base; path = Base.lproj/Main.storyboard; sourceTree = "<group>"; };
		CE090F2429C16421002E7B76 /* Assets.xcassets */ = {isa = PBXFileReference; lastKnownFileType = folder.assetcatalog; path = Assets.xcassets; sourceTree = "<group>"; };
		CE090F2729C16421002E7B76 /* Base */ = {isa = PBXFileReference; lastKnownFileType = file.storyboard; name = Base; path = Base.lproj/LaunchScreen.storyboard; sourceTree = "<group>"; };
		CE090F2929C16421002E7B76 /* Info.plist */ = {isa = PBXFileReference; lastKnownFileType = text.plist.xml; path = Info.plist; sourceTree = "<group>"; };
		CE090F3029C16462002E7B76 /* nssl0049.jpg */ = {isa = PBXFileReference; lastKnownFileType = image.jpeg; path = nssl0049.jpg; sourceTree = "<group>"; };
		CE090F3129C16462002E7B76 /* nssl0046.jpg */ = {isa = PBXFileReference; lastKnownFileType = image.jpeg; path = nssl0046.jpg; sourceTree = "<group>"; };
		CE090F3229C16462002E7B76 /* nssl0091.jpg */ = {isa = PBXFileReference; lastKnownFileType = image.jpeg; path = nssl0091.jpg; sourceTree = "<group>"; };
		CE090F3329C16462002E7B76 /* nssl0045.jpg */ = {isa = PBXFileReference; lastKnownFileType = image.jpeg; path = nssl0045.jpg; sourceTree = "<group>"; };
		CE090F3429C16462002E7B76 /* nssl0051.jpg */ = {isa = PBXFileReference; lastKnownFileType = image.jpeg; path = nssl0051.jpg; sourceTree = "<group>"; };
		CE090F3529C16462002E7B76 /* nssl0041.jpg */ = {isa = PBXFileReference; lastKnownFileType = image.jpeg; path = nssl0041.jpg; sourceTree = "<group>"; };
		CE090F3629C16462002E7B76 /* nssl0042.jpg */ = {isa = PBXFileReference; lastKnownFileType = image.jpeg; path = nssl0042.jpg; sourceTree = "<group>"; };
		CE090F3729C16462002E7B76 /* nssl0043.jpg */ = {isa = PBXFileReference; lastKnownFileType = image.jpeg; path = nssl0043.jpg; sourceTree = "<group>"; };
		CE090F3829C16462002E7B76 /* nssl0033.jpg */ = {isa = PBXFileReference; lastKnownFileType = image.jpeg; path = nssl0033.jpg; sourceTree = "<group>"; };
		CE090F3929C16462002E7B76 /* nssl0034.jpg */ = {isa = PBXFileReference; lastKnownFileType = image.jpeg; path = nssl0034.jpg; sourceTree = "<group>"; };
		CE090F4429C17F33002E7B76 /* DetailViewController.swift */ = {isa = PBXFileReference; lastKnownFileType = sourcecode.swift; path = DetailViewController.swift; sourceTree = "<group>"; };
/* End PBXFileReference section */

/* Begin PBXFrameworksBuildPhase section */
		CE090F1529C16420002E7B76 /* Frameworks */ = {
			isa = PBXFrameworksBuildPhase;
			buildActionMask = 2147483647;
			files = (
			);
			runOnlyForDeploymentPostprocessing = 0;
		};
/* End PBXFrameworksBuildPhase section */

/* Begin PBXGroup section */
		CE090F0F29C16420002E7B76 = {
			isa = PBXGroup;
			children = (
				CE090F1A29C16420002E7B76 /* UIKit_day_18 */,
				CE090F1929C16420002E7B76 /* Products */,
			);
			sourceTree = "<group>";
		};
		CE090F1929C16420002E7B76 /* Products */ = {
			isa = PBXGroup;
			children = (
				CE090F1829C16420002E7B76 /* UIKit_day_18.app */,
			);
			name = Products;
			sourceTree = "<group>";
		};
		CE090F1A29C16420002E7B76 /* UIKit_day_18 */ = {
			isa = PBXGroup;
			children = (
				CE090F1B29C16420002E7B76 /* AppDelegate.swift */,
				CE090F1D29C16420002E7B76 /* SceneDelegate.swift */,
				CE090F1F29C16420002E7B76 /* ViewController.swift */,
				CE090F2129C16420002E7B76 /* Main.storyboard */,
				CE090F4429C17F33002E7B76 /* DetailViewController.swift */,
				CE090F2429C16421002E7B76 /* Assets.xcassets */,
				CE090F2629C16421002E7B76 /* LaunchScreen.storyboard */,
				CE090F2929C16421002E7B76 /* Info.plist */,
				CE090F2F29C16462002E7B76 /* Content */,
			);
			path = UIKit_day_18;
			sourceTree = "<group>";
		};
		CE090F2F29C16462002E7B76 /* Content */ = {
			isa = PBXGroup;
			children = (
				CE090F3029C16462002E7B76 /* nssl0049.jpg */,
				CE090F3129C16462002E7B76 /* nssl0046.jpg */,
				CE090F3229C16462002E7B76 /* nssl0091.jpg */,
				CE090F3329C16462002E7B76 /* nssl0045.jpg */,
				CE090F3429C16462002E7B76 /* nssl0051.jpg */,
				CE090F3529C16462002E7B76 /* nssl0041.jpg */,
				CE090F3629C16462002E7B76 /* nssl0042.jpg */,
				CE090F3729C16462002E7B76 /* nssl0043.jpg */,
				CE090F3829C16462002E7B76 /* nssl0033.jpg */,
				CE090F3929C16462002E7B76 /* nssl0034.jpg */,
			);
			path = Content;
			sourceTree = "<group>";
		};
/* End PBXGroup section */

/* Begin PBXNativeTarget section */
		CE090F1729C16420002E7B76 /* UIKit_day_18 */ = {
			isa = PBXNativeTarget;
			buildConfigurationList = CE090F2C29C16421002E7B76 /* Build configuration list for PBXNativeTarget "UIKit_day_18" */;
			buildPhases = (
				CE090F1429C16420002E7B76 /* Sources */,
				CE090F1529C16420002E7B76 /* Frameworks */,
				CE090F1629C16420002E7B76 /* Resources */,
			);
			buildRules = (
			);
			dependencies = (
			);
			name = UIKit_day_18;
			productName = UIKit_day_18;
			productReference = CE090F1829C16420002E7B76 /* UIKit_day_18.app */;
			productType = "com.apple.product-type.application";
		};
/* End PBXNativeTarget section */

/* Begin PBXProject section */
		CE090F1029C16420002E7B76 /* Project object */ = {
			isa = PBXProject;
			attributes = {
				BuildIndependentTargetsInParallel = 1;
				LastSwiftUpdateCheck = 1420;
				LastUpgradeCheck = 1420;
				TargetAttributes = {
					CE090F1729C16420002E7B76 = {
						CreatedOnToolsVersion = 14.2;
					};
				};
			};
			buildConfigurationList = CE090F1329C16420002E7B76 /* Build configuration list for PBXProject "UIKit_day_18" */;
			compatibilityVersion = "Xcode 14.0";
			developmentRegion = en;
			hasScannedForEncodings = 0;
			knownRegions = (
				en,
				Base,
			);
			mainGroup = CE090F0F29C16420002E7B76;
			productRefGroup = CE090F1929C16420002E7B76 /* Products */;
			projectDirPath = "";
			projectRoot = "";
			targets = (
				CE090F1729C16420002E7B76 /* UIKit_day_18 */,
			);
		};
/* End PBXProject section */

/* Begin PBXResourcesBuildPhase section */
		CE090F1629C16420002E7B76 /* Resources */ = {
			isa = PBXResourcesBuildPhase;
			buildActionMask = 2147483647;
			files = (
				CE090F3B29C16462002E7B76 /* nssl0046.jpg in Resources */,
				CE090F4229C16462002E7B76 /* nssl0033.jpg in Resources */,
				CE090F3E29C16462002E7B76 /* nssl0051.jpg in Resources */,
				CE090F3C29C16462002E7B76 /* nssl0091.jpg in Resources */,
				CE090F4129C16462002E7B76 /* nssl0043.jpg in Resources */,
				CE090F4329C16462002E7B76 /* nssl0034.jpg in Resources */,
				CE090F3A29C16462002E7B76 /* nssl0049.jpg in Resources */,
				CE090F3F29C16462002E7B76 /* nssl0041.jpg in Resources */,
				CE090F4029C16462002E7B76 /* nssl0042.jpg in Resources */,
				CE090F2829C16421002E7B76 /* LaunchScreen.storyboard in Resources */,
				CE090F2529C16421002E7B76 /* Assets.xcassets in Resources */,
				CE090F3D29C16462002E7B76 /* nssl0045.jpg in Resources */,
				CE090F2329C16420002E7B76 /* Main.storyboard in Resources */,
			);
			runOnlyForDeploymentPostprocessing = 0;
		};
/* End PBXResourcesBuildPhase section */

/* Begin PBXSourcesBuildPhase section */
		CE090F1429C16420002E7B76 /* Sources */ = {
			isa = PBXSourcesBuildPhase;
			buildActionMask = 2147483647;
			files = (
				CE090F2029C16420002E7B76 /* ViewController.swift in Sources */,
				CE090F1C29C16420002E7B76 /* AppDelegate.swift in Sources */,
				CE090F1E29C16420002E7B76 /* SceneDelegate.swift in Sources */,
				CE090F4529C17F33002E7B76 /* DetailViewController.swift in Sources */,
			);
			runOnlyForDeploymentPostprocessing = 0;
		};
/* End PBXSourcesBuildPhase section */

/* Begin PBXVariantGroup section */
		CE090F2129C16420002E7B76 /* Main.storyboard */ = {
			isa = PBXVariantGroup;
			children = (
				CE090F2229C16420002E7B76 /* Base */,
			);
			name = Main.storyboard;
			sourceTree = "<group>";
		};
		CE090F2629C16421002E7B76 /* LaunchScreen.storyboard */ = {
			isa = PBXVariantGroup;
			children = (
				CE090F2729C16421002E7B76 /* Base */,
			);
			name = LaunchScreen.storyboard;
			sourceTree = "<group>";
		};
/* End PBXVariantGroup section */

/* Begin XCBuildConfiguration section */
		CE090F2A29C16421002E7B76 /* Debug */ = {
			isa = XCBuildConfiguration;
			buildSettings = {
				ALWAYS_SEARCH_USER_PATHS = NO;
				CLANG_ANALYZER_NONNULL = YES;
				CLANG_ANALYZER_NUMBER_OBJECT_CONVERSION = YES_AGGRESSIVE;
				CLANG_CXX_LANGUAGE_STANDARD = "gnu++20";
				CLANG_ENABLE_MODULES = YES;
				CLANG_ENABLE_OBJC_ARC = YES;
				CLANG_ENABLE_OBJC_WEAK = YES;
				CLANG_WARN_BLOCK_CAPTURE_AUTORELEASING = YES;
				CLANG_WARN_BOOL_CONVERSION = YES;
				CLANG_WARN_COMMA = YES;
				CLANG_WARN_CONSTANT_CONVERSION = YES;
				CLANG_WARN_DEPRECATED_OBJC_IMPLEMENTATIONS = YES;
				CLANG_WARN_DIRECT_OBJC_ISA_USAGE = YES_ERROR;
				CLANG_WARN_DOCUMENTATION_COMMENTS = YES;
				CLANG_WARN_EMPTY_BODY = YES;
				CLANG_WARN_ENUM_CONVERSION = YES;
				CLANG_WARN_INFINITE_RECURSION = YES;
				CLANG_WARN_INT_CONVERSION = YES;
				CLANG_WARN_NON_LITERAL_NULL_CONVERSION = YES;
				CLANG_WARN_OBJC_IMPLICIT_RETAIN_SELF = YES;
				CLANG_WARN_OBJC_LITERAL_CONVERSION = YES;
				CLANG_WARN_OBJC_ROOT_CLASS = YES_ERROR;
				CLANG_WARN_QUOTED_INCLUDE_IN_FRAMEWORK_HEADER = YES;
				CLANG_WARN_RANGE_LOOP_ANALYSIS = YES;
				CLANG_WARN_STRICT_PROTOTYPES = YES;
				CLANG_WARN_SUSPICIOUS_MOVE = YES;
				CLANG_WARN_UNGUARDED_AVAILABILITY = YES_AGGRESSIVE;
				CLANG_WARN_UNREACHABLE_CODE = YES;
				CLANG_WARN__DUPLICATE_METHOD_MATCH = YES;
				COPY_PHASE_STRIP = NO;
				DEBUG_INFORMATION_FORMAT = dwarf;
				ENABLE_STRICT_OBJC_MSGSEND = YES;
				ENABLE_TESTABILITY = YES;
				GCC_C_LANGUAGE_STANDARD = gnu11;
				GCC_DYNAMIC_NO_PIC = NO;
				GCC_NO_COMMON_BLOCKS = YES;
				GCC_OPTIMIZATION_LEVEL = 0;
				GCC_PREPROCESSOR_DEFINITIONS = (
					"DEBUG=1",
					"$(inherited)",
				);
				GCC_WARN_64_TO_32_BIT_CONVERSION = YES;
				GCC_WARN_ABOUT_RETURN_TYPE = YES_ERROR;
				GCC_WARN_UNDECLARED_SELECTOR = YES;
				GCC_WARN_UNINITIALIZED_AUTOS = YES_AGGRESSIVE;
				GCC_WARN_UNUSED_FUNCTION = YES;
				GCC_WARN_UNUSED_VARIABLE = YES;
				IPHONEOS_DEPLOYMENT_TARGET = 16.2;
				MTL_ENABLE_DEBUG_INFO = INCLUDE_SOURCE;
				MTL_FAST_MATH = YES;
				ONLY_ACTIVE_ARCH = YES;
				SDKROOT = iphoneos;
				SWIFT_ACTIVE_COMPILATION_CONDITIONS = DEBUG;
				SWIFT_OPTIMIZATION_LEVEL = "-Onone";
			};
			name = Debug;
		};
		CE090F2B29C16421002E7B76 /* Release */ = {
			isa = XCBuildConfiguration;
			buildSettings = {
				ALWAYS_SEARCH_USER_PATHS = NO;
				CLANG_ANALYZER_NONNULL = YES;
				CLANG_ANALYZER_NUMBER_OBJECT_CONVERSION = YES_AGGRESSIVE;
				CLANG_CXX_LANGUAGE_STANDARD = "gnu++20";
				CLANG_ENABLE_MODULES = YES;
				CLANG_ENABLE_OBJC_ARC = YES;
				CLANG_ENABLE_OBJC_WEAK = YES;
				CLANG_WARN_BLOCK_CAPTURE_AUTORELEASING = YES;
				CLANG_WARN_BOOL_CONVERSION = YES;
				CLANG_WARN_COMMA = YES;
				CLANG_WARN_CONSTANT_CONVERSION = YES;
				CLANG_WARN_DEPRECATED_OBJC_IMPLEMENTATIONS = YES;
				CLANG_WARN_DIRECT_OBJC_ISA_USAGE = YES_ERROR;
				CLANG_WARN_DOCUMENTATION_COMMENTS = YES;
				CLANG_WARN_EMPTY_BODY = YES;
				CLANG_WARN_ENUM_CONVERSION = YES;
				CLANG_WARN_INFINITE_RECURSION = YES;
				CLANG_WARN_INT_CONVERSION = YES;
				CLANG_WARN_NON_LITERAL_NULL_CONVERSION = YES;
				CLANG_WARN_OBJC_IMPLICIT_RETAIN_SELF = YES;
				CLANG_WARN_OBJC_LITERAL_CONVERSION = YES;
				CLANG_WARN_OBJC_ROOT_CLASS = YES_ERROR;
				CLANG_WARN_QUOTED_INCLUDE_IN_FRAMEWORK_HEADER = YES;
				CLANG_WARN_RANGE_LOOP_ANALYSIS = YES;
				CLANG_WARN_STRICT_PROTOTYPES = YES;
				CLANG_WARN_SUSPICIOUS_MOVE = YES;
				CLANG_WARN_UNGUARDED_AVAILABILITY = YES_AGGRESSIVE;
				CLANG_WARN_UNREACHABLE_CODE = YES;
				CLANG_WARN__DUPLICATE_METHOD_MATCH = YES;
				COPY_PHASE_STRIP = NO;
				DEBUG_INFORMATION_FORMAT = "dwarf-with-dsym";
				ENABLE_NS_ASSERTIONS = NO;
				ENABLE_STRICT_OBJC_MSGSEND = YES;
				GCC_C_LANGUAGE_STANDARD = gnu11;
				GCC_NO_COMMON_BLOCKS = YES;
				GCC_WARN_64_TO_32_BIT_CONVERSION = YES;
				GCC_WARN_ABOUT_RETURN_TYPE = YES_ERROR;
				GCC_WARN_UNDECLARED_SELECTOR = YES;
				GCC_WARN_UNINITIALIZED_AUTOS = YES_AGGRESSIVE;
				GCC_WARN_UNUSED_FUNCTION = YES;
				GCC_WARN_UNUSED_VARIABLE = YES;
				IPHONEOS_DEPLOYMENT_TARGET = 16.2;
				MTL_ENABLE_DEBUG_INFO = NO;
				MTL_FAST_MATH = YES;
				SDKROOT = iphoneos;
				SWIFT_COMPILATION_MODE = wholemodule;
				SWIFT_OPTIMIZATION_LEVEL = "-O";
				VALIDATE_PRODUCT = YES;
			};
			name = Release;
		};
		CE090F2D29C16421002E7B76 /* Debug */ = {
			isa = XCBuildConfiguration;
			buildSettings = {
				ASSETCATALOG_COMPILER_APPICON_NAME = AppIcon;
				ASSETCATALOG_COMPILER_GLOBAL_ACCENT_COLOR_NAME = AccentColor;
				CODE_SIGN_STYLE = Automatic;
				CURRENT_PROJECT_VERSION = 1;
				DEVELOPMENT_TEAM = CZH2CMCGCZ;
				GENERATE_INFOPLIST_FILE = YES;
				INFOPLIST_FILE = UIKit_day_18/Info.plist;
				INFOPLIST_KEY_UIApplicationSupportsIndirectInputEvents = YES;
				INFOPLIST_KEY_UILaunchStoryboardName = LaunchScreen;
				INFOPLIST_KEY_UIMainStoryboardFile = Main;
				INFOPLIST_KEY_UISupportedInterfaceOrientations_iPad = "UIInterfaceOrientationPortrait UIInterfaceOrientationPortraitUpsideDown UIInterfaceOrientationLandscapeLeft UIInterfaceOrientationLandscapeRight";
				INFOPLIST_KEY_UISupportedInterfaceOrientations_iPhone = "UIInterfaceOrientationPortrait UIInterfaceOrientationLandscapeLeft UIInterfaceOrientationLandscapeRight";
				LD_RUNPATH_SEARCH_PATHS = (
					"$(inherited)",
					"@executable_path/Frameworks",
				);
				MARKETING_VERSION = 1.0;
				PRODUCT_BUNDLE_IDENTIFIER = "com.UIKit.UIKit-day-18";
				PRODUCT_NAME = "$(TARGET_NAME)";
				SWIFT_EMIT_LOC_STRINGS = YES;
				SWIFT_VERSION = 5.0;
				TARGETED_DEVICE_FAMILY = "1,2";
			};
			name = Debug;
		};
		CE090F2E29C16421002E7B76 /* Release */ = {
			isa = XCBuildConfiguration;
			buildSettings = {
				ASSETCATALOG_COMPILER_APPICON_NAME = AppIcon;
				ASSETCATALOG_COMPILER_GLOBAL_ACCENT_COLOR_NAME = AccentColor;
				CODE_SIGN_STYLE = Automatic;
				CURRENT_PROJECT_VERSION = 1;
				DEVELOPMENT_TEAM = CZH2CMCGCZ;
				GENERATE_INFOPLIST_FILE = YES;
				INFOPLIST_FILE = UIKit_day_18/Info.plist;
				INFOPLIST_KEY_UIApplicationSupportsIndirectInputEvents = YES;
				INFOPLIST_KEY_UILaunchStoryboardName = LaunchScreen;
				INFOPLIST_KEY_UIMainStoryboardFile = Main;
				INFOPLIST_KEY_UISupportedInterfaceOrientations_iPad = "UIInterfaceOrientationPortrait UIInterfaceOrientationPortraitUpsideDown UIInterfaceOrientationLandscapeLeft UIInterfaceOrientationLandscapeRight";
				INFOPLIST_KEY_UISupportedInterfaceOrientations_iPhone = "UIInterfaceOrientationPortrait UIInterfaceOrientationLandscapeLeft UIInterfaceOrientationLandscapeRight";
				LD_RUNPATH_SEARCH_PATHS = (
					"$(inherited)",
					"@executable_path/Frameworks",
				);
				MARKETING_VERSION = 1.0;
				PRODUCT_BUNDLE_IDENTIFIER = "com.UIKit.UIKit-day-18";
				PRODUCT_NAME = "$(TARGET_NAME)";
				SWIFT_EMIT_LOC_STRINGS = YES;
				SWIFT_VERSION = 5.0;
				TARGETED_DEVICE_FAMILY = "1,2";
			};
			name = Release;
		};
/* End XCBuildConfiguration section */

/* Begin XCConfigurationList section */
		CE090F1329C16420002E7B76 /* Build configuration list for PBXProject "UIKit_day_18" */ = {
			isa = XCConfigurationList;
			buildConfigurations = (
				CE090F2A29C16421002E7B76 /* Debug */,
				CE090F2B29C16421002E7B76 /* Release */,
			);
			defaultConfigurationIsVisible = 0;
			defaultConfigurationName = Release;
		};
		CE090F2C29C16421002E7B76 /* Build configuration list for PBXNativeTarget "UIKit_day_18" */ = {
			isa = XCConfigurationList;
			buildConfigurations = (
				CE090F2D29C16421002E7B76 /* Debug */,
				CE090F2E29C16421002E7B76 /* Release */,
			);
			defaultConfigurationIsVisible = 0;
			defaultConfigurationName = Release;
		};
/* End XCConfigurationList section */
	};
	rootObject = CE090F1029C16420002E7B76 /* Project object */;
}
