// !$*UTF8*$!
{
	archiveVersion = 1;
	classes = {
	};
	objectVersion = 56;
	objects = {

/* Begin PBXBuildFile section */
		CEBCB8D82A88D4D200ABC86F /* AppDelegate.swift in Sources */ = {isa = PBXBuildFile; fileRef = CEBCB8D72A88D4D200ABC86F /* AppDelegate.swift */; };
		CEBCB8DA2A88D4D200ABC86F /* SceneDelegate.swift in Sources */ = {isa = PBXBuildFile; fileRef = CEBCB8D92A88D4D200ABC86F /* SceneDelegate.swift */; };
		CEBCB8DC2A88D4D200ABC86F /* ViewController.swift in Sources */ = {isa = PBXBuildFile; fileRef = CEBCB8DB2A88D4D200ABC86F /* ViewController.swift */; };
		CEBCB8DF2A88D4D200ABC86F /* Main.storyboard in Resources */ = {isa = PBXBuildFile; fileRef = CEBCB8DD2A88D4D200ABC86F /* Main.storyboard */; };
		CEBCB8E12A88D4D300ABC86F /* Assets.xcassets in Resources */ = {isa = PBXBuildFile; fileRef = CEBCB8E02A88D4D300ABC86F /* Assets.xcassets */; };
		CEBCB8E42A88D4D300ABC86F /* LaunchScreen.storyboard in Resources */ = {isa = PBXBuildFile; fileRef = CEBCB8E22A88D4D300ABC86F /* LaunchScreen.storyboard */; };
		CEBCB8F22A88D4E700ABC86F /* UniformTypeIdentifiers.framework in Frameworks */ = {isa = PBXBuildFile; fileRef = CEBCB8F12A88D4E700ABC86F /* UniformTypeIdentifiers.framework */; };
		CEBCB8F52A88D4E700ABC86F /* Media.xcassets in Resources */ = {isa = PBXBuildFile; fileRef = CEBCB8F42A88D4E700ABC86F /* Media.xcassets */; };
		CEBCB8F72A88D4E700ABC86F /* ActionViewController.swift in Sources */ = {isa = PBXBuildFile; fileRef = CEBCB8F62A88D4E700ABC86F /* ActionViewController.swift */; };
		CEBCB8FE2A88D4E700ABC86F /* Extension.appex in Embed Foundation Extensions */ = {isa = PBXBuildFile; fileRef = CEBCB8EF2A88D4E700ABC86F /* Extension.appex */; settings = {ATTRIBUTES = (RemoveHeadersOnCopy, ); }; };
		CEBCB9042A88D82C00ABC86F /* Action.js in Resources */ = {isa = PBXBuildFile; fileRef = CEBCB9032A88D82C00ABC86F /* Action.js */; };
		CEBCB9062A88E20100ABC86F /* MainInterface.storyboard in Resources */ = {isa = PBXBuildFile; fileRef = CEBCB9052A88E20100ABC86F /* MainInterface.storyboard */; };
/* End PBXBuildFile section */

/* Begin PBXContainerItemProxy section */
		CEBCB8FC2A88D4E700ABC86F /* PBXContainerItemProxy */ = {
			isa = PBXContainerItemProxy;
			containerPortal = CEBCB8CC2A88D4D200ABC86F /* Project object */;
			proxyType = 1;
			remoteGlobalIDString = CEBCB8EE2A88D4E700ABC86F;
			remoteInfo = Extension;
		};
/* End PBXContainerItemProxy section */

/* Begin PBXCopyFilesBuildPhase section */
		CEBCB9022A88D4E700ABC86F /* Embed Foundation Extensions */ = {
			isa = PBXCopyFilesBuildPhase;
			buildActionMask = 2147483647;
			dstPath = "";
			dstSubfolderSpec = 13;
			files = (
				CEBCB8FE2A88D4E700ABC86F /* Extension.appex in Embed Foundation Extensions */,
			);
			name = "Embed Foundation Extensions";
			runOnlyForDeploymentPostprocessing = 0;
		};
/* End PBXCopyFilesBuildPhase section */

/* Begin PBXFileReference section */
		CEBCB8D42A88D4D200ABC86F /* UIKit_day_68.app */ = {isa = PBXFileReference; explicitFileType = wrapper.application; includeInIndex = 0; path = UIKit_day_68.app; sourceTree = BUILT_PRODUCTS_DIR; };
		CEBCB8D72A88D4D200ABC86F /* AppDelegate.swift */ = {isa = PBXFileReference; lastKnownFileType = sourcecode.swift; path = AppDelegate.swift; sourceTree = "<group>"; };
		CEBCB8D92A88D4D200ABC86F /* SceneDelegate.swift */ = {isa = PBXFileReference; lastKnownFileType = sourcecode.swift; path = SceneDelegate.swift; sourceTree = "<group>"; };
		CEBCB8DB2A88D4D200ABC86F /* ViewController.swift */ = {isa = PBXFileReference; lastKnownFileType = sourcecode.swift; path = ViewController.swift; sourceTree = "<group>"; };
		CEBCB8DE2A88D4D200ABC86F /* Base */ = {isa = PBXFileReference; lastKnownFileType = file.storyboard; name = Base; path = Base.lproj/Main.storyboard; sourceTree = "<group>"; };
		CEBCB8E02A88D4D300ABC86F /* Assets.xcassets */ = {isa = PBXFileReference; lastKnownFileType = folder.assetcatalog; path = Assets.xcassets; sourceTree = "<group>"; };
		CEBCB8E32A88D4D300ABC86F /* Base */ = {isa = PBXFileReference; lastKnownFileType = file.storyboard; name = Base; path = Base.lproj/LaunchScreen.storyboard; sourceTree = "<group>"; };
		CEBCB8E52A88D4D300ABC86F /* Info.plist */ = {isa = PBXFileReference; lastKnownFileType = text.plist.xml; path = Info.plist; sourceTree = "<group>"; };
		CEBCB8EF2A88D4E700ABC86F /* Extension.appex */ = {isa = PBXFileReference; explicitFileType = "wrapper.app-extension"; includeInIndex = 0; path = Extension.appex; sourceTree = BUILT_PRODUCTS_DIR; };
		CEBCB8F12A88D4E700ABC86F /* UniformTypeIdentifiers.framework */ = {isa = PBXFileReference; lastKnownFileType = wrapper.framework; name = UniformTypeIdentifiers.framework; path = System/Library/Frameworks/UniformTypeIdentifiers.framework; sourceTree = SDKROOT; };
		CEBCB8F42A88D4E700ABC86F /* Media.xcassets */ = {isa = PBXFileReference; lastKnownFileType = folder.assetcatalog; path = Media.xcassets; sourceTree = "<group>"; };
		CEBCB8F62A88D4E700ABC86F /* ActionViewController.swift */ = {isa = PBXFileReference; lastKnownFileType = sourcecode.swift; path = ActionViewController.swift; sourceTree = "<group>"; };
		CEBCB8FB2A88D4E700ABC86F /* Info.plist */ = {isa = PBXFileReference; lastKnownFileType = text.plist.xml; path = Info.plist; sourceTree = "<group>"; };
		CEBCB9032A88D82C00ABC86F /* Action.js */ = {isa = PBXFileReference; lastKnownFileType = sourcecode.javascript; path = Action.js; sourceTree = "<group>"; };
		CEBCB9052A88E20100ABC86F /* MainInterface.storyboard */ = {isa = PBXFileReference; lastKnownFileType = file.storyboard; path = MainInterface.storyboard; sourceTree = "<group>"; };
/* End PBXFileReference section */

/* Begin PBXFrameworksBuildPhase section */
		CEBCB8D12A88D4D200ABC86F /* Frameworks */ = {
			isa = PBXFrameworksBuildPhase;
			buildActionMask = 2147483647;
			files = (
			);
			runOnlyForDeploymentPostprocessing = 0;
		};
		CEBCB8EC2A88D4E700ABC86F /* Frameworks */ = {
			isa = PBXFrameworksBuildPhase;
			buildActionMask = 2147483647;
			files = (
				CEBCB8F22A88D4E700ABC86F /* UniformTypeIdentifiers.framework in Frameworks */,
			);
			runOnlyForDeploymentPostprocessing = 0;
		};
/* End PBXFrameworksBuildPhase section */

/* Begin PBXGroup section */
		CEBCB8CB2A88D4D200ABC86F = {
			isa = PBXGroup;
			children = (
				CEBCB8D62A88D4D200ABC86F /* UIKit_day_68 */,
				CEBCB8F32A88D4E700ABC86F /* Extension */,
				CEBCB8F02A88D4E700ABC86F /* Frameworks */,
				CEBCB8D52A88D4D200ABC86F /* Products */,
			);
			sourceTree = "<group>";
		};
		CEBCB8D52A88D4D200ABC86F /* Products */ = {
			isa = PBXGroup;
			children = (
				CEBCB8D42A88D4D200ABC86F /* UIKit_day_68.app */,
				CEBCB8EF2A88D4E700ABC86F /* Extension.appex */,
			);
			name = Products;
			sourceTree = "<group>";
		};
		CEBCB8D62A88D4D200ABC86F /* UIKit_day_68 */ = {
			isa = PBXGroup;
			children = (
				CEBCB8D72A88D4D200ABC86F /* AppDelegate.swift */,
				CEBCB8D92A88D4D200ABC86F /* SceneDelegate.swift */,
				CEBCB8DB2A88D4D200ABC86F /* ViewController.swift */,
				CEBCB8DD2A88D4D200ABC86F /* Main.storyboard */,
				CEBCB8E02A88D4D300ABC86F /* Assets.xcassets */,
				CEBCB8E22A88D4D300ABC86F /* LaunchScreen.storyboard */,
				CEBCB8E52A88D4D300ABC86F /* Info.plist */,
			);
			path = UIKit_day_68;
			sourceTree = "<group>";
		};
		CEBCB8F02A88D4E700ABC86F /* Frameworks */ = {
			isa = PBXGroup;
			children = (
				CEBCB8F12A88D4E700ABC86F /* UniformTypeIdentifiers.framework */,
			);
			name = Frameworks;
			sourceTree = "<group>";
		};
		CEBCB8F32A88D4E700ABC86F /* Extension */ = {
			isa = PBXGroup;
			children = (
				CEBCB8F42A88D4E700ABC86F /* Media.xcassets */,
				CEBCB8F62A88D4E700ABC86F /* ActionViewController.swift */,
				CEBCB9052A88E20100ABC86F /* MainInterface.storyboard */,
				CEBCB8FB2A88D4E700ABC86F /* Info.plist */,
				CEBCB9032A88D82C00ABC86F /* Action.js */,
			);
			path = Extension;
			sourceTree = "<group>";
		};
/* End PBXGroup section */

/* Begin PBXNativeTarget section */
		CEBCB8D32A88D4D200ABC86F /* UIKit_day_68 */ = {
			isa = PBXNativeTarget;
			buildConfigurationList = CEBCB8E82A88D4D300ABC86F /* Build configuration list for PBXNativeTarget "UIKit_day_68" */;
			buildPhases = (
				CEBCB8D02A88D4D200ABC86F /* Sources */,
				CEBCB8D12A88D4D200ABC86F /* Frameworks */,
				CEBCB8D22A88D4D200ABC86F /* Resources */,
				CEBCB9022A88D4E700ABC86F /* Embed Foundation Extensions */,
			);
			buildRules = (
			);
			dependencies = (
				CEBCB8FD2A88D4E700ABC86F /* PBXTargetDependency */,
			);
			name = UIKit_day_68;
			productName = UIKit_day_68;
			productReference = CEBCB8D42A88D4D200ABC86F /* UIKit_day_68.app */;
			productType = "com.apple.product-type.application";
		};
		CEBCB8EE2A88D4E700ABC86F /* Extension */ = {
			isa = PBXNativeTarget;
			buildConfigurationList = CEBCB8FF2A88D4E700ABC86F /* Build configuration list for PBXNativeTarget "Extension" */;
			buildPhases = (
				CEBCB8EB2A88D4E700ABC86F /* Sources */,
				CEBCB8EC2A88D4E700ABC86F /* Frameworks */,
				CEBCB8ED2A88D4E700ABC86F /* Resources */,
			);
			buildRules = (
			);
			dependencies = (
			);
			name = Extension;
			productName = Extension;
			productReference = CEBCB8EF2A88D4E700ABC86F /* Extension.appex */;
			productType = "com.apple.product-type.app-extension";
		};
/* End PBXNativeTarget section */

/* Begin PBXProject section */
		CEBCB8CC2A88D4D200ABC86F /* Project object */ = {
			isa = PBXProject;
			attributes = {
				BuildIndependentTargetsInParallel = 1;
				LastSwiftUpdateCheck = 1430;
				LastUpgradeCheck = 1430;
				TargetAttributes = {
					CEBCB8D32A88D4D200ABC86F = {
						CreatedOnToolsVersion = 14.3;
					};
					CEBCB8EE2A88D4E700ABC86F = {
						CreatedOnToolsVersion = 14.3;
					};
				};
			};
			buildConfigurationList = CEBCB8CF2A88D4D200ABC86F /* Build configuration list for PBXProject "UIKit_day_68" */;
			compatibilityVersion = "Xcode 14.0";
			developmentRegion = en;
			hasScannedForEncodings = 0;
			knownRegions = (
				en,
				Base,
			);
			mainGroup = CEBCB8CB2A88D4D200ABC86F;
			productRefGroup = CEBCB8D52A88D4D200ABC86F /* Products */;
			projectDirPath = "";
			projectRoot = "";
			targets = (
				CEBCB8D32A88D4D200ABC86F /* UIKit_day_68 */,
				CEBCB8EE2A88D4E700ABC86F /* Extension */,
			);
		};
/* End PBXProject section */

/* Begin PBXResourcesBuildPhase section */
		CEBCB8D22A88D4D200ABC86F /* Resources */ = {
			isa = PBXResourcesBuildPhase;
			buildActionMask = 2147483647;
			files = (
				CEBCB8E42A88D4D300ABC86F /* LaunchScreen.storyboard in Resources */,
				CEBCB8E12A88D4D300ABC86F /* Assets.xcassets in Resources */,
				CEBCB8DF2A88D4D200ABC86F /* Main.storyboard in Resources */,
			);
			runOnlyForDeploymentPostprocessing = 0;
		};
		CEBCB8ED2A88D4E700ABC86F /* Resources */ = {
			isa = PBXResourcesBuildPhase;
			buildActionMask = 2147483647;
			files = (
				CEBCB9042A88D82C00ABC86F /* Action.js in Resources */,
				CEBCB9062A88E20100ABC86F /* MainInterface.storyboard in Resources */,
				CEBCB8F52A88D4E700ABC86F /* Media.xcassets in Resources */,
			);
			runOnlyForDeploymentPostprocessing = 0;
		};
/* End PBXResourcesBuildPhase section */

/* Begin PBXSourcesBuildPhase section */
		CEBCB8D02A88D4D200ABC86F /* Sources */ = {
			isa = PBXSourcesBuildPhase;
			buildActionMask = 2147483647;
			files = (
				CEBCB8DC2A88D4D200ABC86F /* ViewController.swift in Sources */,
				CEBCB8D82A88D4D200ABC86F /* AppDelegate.swift in Sources */,
				CEBCB8DA2A88D4D200ABC86F /* SceneDelegate.swift in Sources */,
			);
			runOnlyForDeploymentPostprocessing = 0;
		};
		CEBCB8EB2A88D4E700ABC86F /* Sources */ = {
			isa = PBXSourcesBuildPhase;
			buildActionMask = 2147483647;
			files = (
				CEBCB8F72A88D4E700ABC86F /* ActionViewController.swift in Sources */,
			);
			runOnlyForDeploymentPostprocessing = 0;
		};
/* End PBXSourcesBuildPhase section */

/* Begin PBXTargetDependency section */
		CEBCB8FD2A88D4E700ABC86F /* PBXTargetDependency */ = {
			isa = PBXTargetDependency;
			target = CEBCB8EE2A88D4E700ABC86F /* Extension */;
			targetProxy = CEBCB8FC2A88D4E700ABC86F /* PBXContainerItemProxy */;
		};
/* End PBXTargetDependency section */

/* Begin PBXVariantGroup section */
		CEBCB8DD2A88D4D200ABC86F /* Main.storyboard */ = {
			isa = PBXVariantGroup;
			children = (
				CEBCB8DE2A88D4D200ABC86F /* Base */,
			);
			name = Main.storyboard;
			sourceTree = "<group>";
		};
		CEBCB8E22A88D4D300ABC86F /* LaunchScreen.storyboard */ = {
			isa = PBXVariantGroup;
			children = (
				CEBCB8E32A88D4D300ABC86F /* Base */,
			);
			name = LaunchScreen.storyboard;
			sourceTree = "<group>";
		};
/* End PBXVariantGroup section */

/* Begin XCBuildConfiguration section */
		CEBCB8E62A88D4D300ABC86F /* Debug */ = {
			isa = XCBuildConfiguration;
			buildSettings = {
				ALWAYS_SEARCH_USER_PATHS = NO;
				CLANG_ANALYZER_NONNULL = YES;
				CLANG_ANALYZER_NUMBER_OBJECT_CONVERSION = YES_AGGRESSIVE;
				CLANG_CXX_LANGUAGE_STANDARD = "gnu++20";
				CLANG_ENABLE_MODULES = YES;
				CLANG_ENABLE_OBJC_ARC = YES;
				CLANG_ENABLE_OBJC_WEAK = YES;
				CLANG_WARN_BLOCK_CAPTURE_AUTORELEASING = YES;
				CLANG_WARN_BOOL_CONVERSION = YES;
				CLANG_WARN_COMMA = YES;
				CLANG_WARN_CONSTANT_CONVERSION = YES;
				CLANG_WARN_DEPRECATED_OBJC_IMPLEMENTATIONS = YES;
				CLANG_WARN_DIRECT_OBJC_ISA_USAGE = YES_ERROR;
				CLANG_WARN_DOCUMENTATION_COMMENTS = YES;
				CLANG_WARN_EMPTY_BODY = YES;
				CLANG_WARN_ENUM_CONVERSION = YES;
				CLANG_WARN_INFINITE_RECURSION = YES;
				CLANG_WARN_INT_CONVERSION = YES;
				CLANG_WARN_NON_LITERAL_NULL_CONVERSION = YES;
				CLANG_WARN_OBJC_IMPLICIT_RETAIN_SELF = YES;
				CLANG_WARN_OBJC_LITERAL_CONVERSION = YES;
				CLANG_WARN_OBJC_ROOT_CLASS = YES_ERROR;
				CLANG_WARN_QUOTED_INCLUDE_IN_FRAMEWORK_HEADER = YES;
				CLANG_WARN_RANGE_LOOP_ANALYSIS = YES;
				CLANG_WARN_STRICT_PROTOTYPES = YES;
				CLANG_WARN_SUSPICIOUS_MOVE = YES;
				CLANG_WARN_UNGUARDED_AVAILABILITY = YES_AGGRESSIVE;
				CLANG_WARN_UNREACHABLE_CODE = YES;
				CLANG_WARN__DUPLICATE_METHOD_MATCH = YES;
				COPY_PHASE_STRIP = NO;
				DEBUG_INFORMATION_FORMAT = dwarf;
				ENABLE_STRICT_OBJC_MSGSEND = YES;
				ENABLE_TESTABILITY = YES;
				GCC_C_LANGUAGE_STANDARD = gnu11;
				GCC_DYNAMIC_NO_PIC = NO;
				GCC_NO_COMMON_BLOCKS = YES;
				GCC_OPTIMIZATION_LEVEL = 0;
				GCC_PREPROCESSOR_DEFINITIONS = (
					"DEBUG=1",
					"$(inherited)",
				);
				GCC_WARN_64_TO_32_BIT_CONVERSION = YES;
				GCC_WARN_ABOUT_RETURN_TYPE = YES_ERROR;
				GCC_WARN_UNDECLARED_SELECTOR = YES;
				GCC_WARN_UNINITIALIZED_AUTOS = YES_AGGRESSIVE;
				GCC_WARN_UNUSED_FUNCTION = YES;
				GCC_WARN_UNUSED_VARIABLE = YES;
				IPHONEOS_DEPLOYMENT_TARGET = 16.4;
				MTL_ENABLE_DEBUG_INFO = INCLUDE_SOURCE;
				MTL_FAST_MATH = YES;
				ONLY_ACTIVE_ARCH = YES;
				SDKROOT = iphoneos;
				SWIFT_ACTIVE_COMPILATION_CONDITIONS = DEBUG;
				SWIFT_OPTIMIZATION_LEVEL = "-Onone";
			};
			name = Debug;
		};
		CEBCB8E72A88D4D300ABC86F /* Release */ = {
			isa = XCBuildConfiguration;
			buildSettings = {
				ALWAYS_SEARCH_USER_PATHS = NO;
				CLANG_ANALYZER_NONNULL = YES;
				CLANG_ANALYZER_NUMBER_OBJECT_CONVERSION = YES_AGGRESSIVE;
				CLANG_CXX_LANGUAGE_STANDARD = "gnu++20";
				CLANG_ENABLE_MODULES = YES;
				CLANG_ENABLE_OBJC_ARC = YES;
				CLANG_ENABLE_OBJC_WEAK = YES;
				CLANG_WARN_BLOCK_CAPTURE_AUTORELEASING = YES;
				CLANG_WARN_BOOL_CONVERSION = YES;
				CLANG_WARN_COMMA = YES;
				CLANG_WARN_CONSTANT_CONVERSION = YES;
				CLANG_WARN_DEPRECATED_OBJC_IMPLEMENTATIONS = YES;
				CLANG_WARN_DIRECT_OBJC_ISA_USAGE = YES_ERROR;
				CLANG_WARN_DOCUMENTATION_COMMENTS = YES;
				CLANG_WARN_EMPTY_BODY = YES;
				CLANG_WARN_ENUM_CONVERSION = YES;
				CLANG_WARN_INFINITE_RECURSION = YES;
				CLANG_WARN_INT_CONVERSION = YES;
				CLANG_WARN_NON_LITERAL_NULL_CONVERSION = YES;
				CLANG_WARN_OBJC_IMPLICIT_RETAIN_SELF = YES;
				CLANG_WARN_OBJC_LITERAL_CONVERSION = YES;
				CLANG_WARN_OBJC_ROOT_CLASS = YES_ERROR;
				CLANG_WARN_QUOTED_INCLUDE_IN_FRAMEWORK_HEADER = YES;
				CLANG_WARN_RANGE_LOOP_ANALYSIS = YES;
				CLANG_WARN_STRICT_PROTOTYPES = YES;
				CLANG_WARN_SUSPICIOUS_MOVE = YES;
				CLANG_WARN_UNGUARDED_AVAILABILITY = YES_AGGRESSIVE;
				CLANG_WARN_UNREACHABLE_CODE = YES;
				CLANG_WARN__DUPLICATE_METHOD_MATCH = YES;
				COPY_PHASE_STRIP = NO;
				DEBUG_INFORMATION_FORMAT = "dwarf-with-dsym";
				ENABLE_NS_ASSERTIONS = NO;
				ENABLE_STRICT_OBJC_MSGSEND = YES;
				GCC_C_LANGUAGE_STANDARD = gnu11;
				GCC_NO_COMMON_BLOCKS = YES;
				GCC_WARN_64_TO_32_BIT_CONVERSION = YES;
				GCC_WARN_ABOUT_RETURN_TYPE = YES_ERROR;
				GCC_WARN_UNDECLARED_SELECTOR = YES;
				GCC_WARN_UNINITIALIZED_AUTOS = YES_AGGRESSIVE;
				GCC_WARN_UNUSED_FUNCTION = YES;
				GCC_WARN_UNUSED_VARIABLE = YES;
				IPHONEOS_DEPLOYMENT_TARGET = 16.4;
				MTL_ENABLE_DEBUG_INFO = NO;
				MTL_FAST_MATH = YES;
				SDKROOT = iphoneos;
				SWIFT_COMPILATION_MODE = wholemodule;
				SWIFT_OPTIMIZATION_LEVEL = "-O";
				VALIDATE_PRODUCT = YES;
			};
			name = Release;
		};
		CEBCB8E92A88D4D300ABC86F /* Debug */ = {
			isa = XCBuildConfiguration;
			buildSettings = {
				ALWAYS_EMBED_SWIFT_STANDARD_LIBRARIES = YES;
				ASSETCATALOG_COMPILER_APPICON_NAME = AppIcon;
				ASSETCATALOG_COMPILER_GLOBAL_ACCENT_COLOR_NAME = AccentColor;
				CODE_SIGN_STYLE = Automatic;
				CURRENT_PROJECT_VERSION = 1;
				DEVELOPMENT_TEAM = CZH2CMCGCZ;
				GENERATE_INFOPLIST_FILE = YES;
				INFOPLIST_FILE = UIKit_day_68/Info.plist;
				INFOPLIST_KEY_UIApplicationSupportsIndirectInputEvents = YES;
				INFOPLIST_KEY_UILaunchStoryboardName = LaunchScreen;
				INFOPLIST_KEY_UIMainStoryboardFile = Main;
				INFOPLIST_KEY_UISupportedInterfaceOrientations_iPad = "UIInterfaceOrientationPortrait UIInterfaceOrientationPortraitUpsideDown UIInterfaceOrientationLandscapeLeft UIInterfaceOrientationLandscapeRight";
				INFOPLIST_KEY_UISupportedInterfaceOrientations_iPhone = "UIInterfaceOrientationPortrait UIInterfaceOrientationLandscapeLeft UIInterfaceOrientationLandscapeRight";
				LD_RUNPATH_SEARCH_PATHS = (
					"$(inherited)",
					"@executable_path/Frameworks",
				);
				MARKETING_VERSION = 1.0;
				PRODUCT_BUNDLE_IDENTIFIER = "com.100-days-of-UIKit.UIKit-day-68";
				PRODUCT_NAME = "$(TARGET_NAME)";
				SWIFT_EMIT_LOC_STRINGS = YES;
				SWIFT_VERSION = 5.0;
				TARGETED_DEVICE_FAMILY = "1,2";
			};
			name = Debug;
		};
		CEBCB8EA2A88D4D300ABC86F /* Release */ = {
			isa = XCBuildConfiguration;
			buildSettings = {
				ALWAYS_EMBED_SWIFT_STANDARD_LIBRARIES = YES;
				ASSETCATALOG_COMPILER_APPICON_NAME = AppIcon;
				ASSETCATALOG_COMPILER_GLOBAL_ACCENT_COLOR_NAME = AccentColor;
				CODE_SIGN_STYLE = Automatic;
				CURRENT_PROJECT_VERSION = 1;
				DEVELOPMENT_TEAM = CZH2CMCGCZ;
				GENERATE_INFOPLIST_FILE = YES;
				INFOPLIST_FILE = UIKit_day_68/Info.plist;
				INFOPLIST_KEY_UIApplicationSupportsIndirectInputEvents = YES;
				INFOPLIST_KEY_UILaunchStoryboardName = LaunchScreen;
				INFOPLIST_KEY_UIMainStoryboardFile = Main;
				INFOPLIST_KEY_UISupportedInterfaceOrientations_iPad = "UIInterfaceOrientationPortrait UIInterfaceOrientationPortraitUpsideDown UIInterfaceOrientationLandscapeLeft UIInterfaceOrientationLandscapeRight";
				INFOPLIST_KEY_UISupportedInterfaceOrientations_iPhone = "UIInterfaceOrientationPortrait UIInterfaceOrientationLandscapeLeft UIInterfaceOrientationLandscapeRight";
				LD_RUNPATH_SEARCH_PATHS = (
					"$(inherited)",
					"@executable_path/Frameworks",
				);
				MARKETING_VERSION = 1.0;
				PRODUCT_BUNDLE_IDENTIFIER = "com.100-days-of-UIKit.UIKit-day-68";
				PRODUCT_NAME = "$(TARGET_NAME)";
				SWIFT_EMIT_LOC_STRINGS = YES;
				SWIFT_VERSION = 5.0;
				TARGETED_DEVICE_FAMILY = "1,2";
			};
			name = Release;
		};
		CEBCB9002A88D4E700ABC86F /* Debug */ = {
			isa = XCBuildConfiguration;
			buildSettings = {
				CODE_SIGN_STYLE = Automatic;
				CURRENT_PROJECT_VERSION = 1;
				DEVELOPMENT_TEAM = CZH2CMCGCZ;
				GENERATE_INFOPLIST_FILE = YES;
				INFOPLIST_FILE = Extension/Info.plist;
				INFOPLIST_KEY_CFBundleDisplayName = Extension;
				INFOPLIST_KEY_NSHumanReadableCopyright = "";
				LD_RUNPATH_SEARCH_PATHS = (
					"$(inherited)",
					"@executable_path/Frameworks",
					"@executable_path/../../Frameworks",
				);
				MARKETING_VERSION = 1.0;
				PRODUCT_BUNDLE_IDENTIFIER = "com.100-days-of-UIKit.UIKit-day-68.Extension";
				PRODUCT_NAME = "$(TARGET_NAME)";
				SKIP_INSTALL = YES;
				SWIFT_EMIT_LOC_STRINGS = YES;
				SWIFT_VERSION = 5.0;
				TARGETED_DEVICE_FAMILY = "1,2";
			};
			name = Debug;
		};
		CEBCB9012A88D4E700ABC86F /* Release */ = {
			isa = XCBuildConfiguration;
			buildSettings = {
				CODE_SIGN_STYLE = Automatic;
				CURRENT_PROJECT_VERSION = 1;
				DEVELOPMENT_TEAM = CZH2CMCGCZ;
				GENERATE_INFOPLIST_FILE = YES;
				INFOPLIST_FILE = Extension/Info.plist;
				INFOPLIST_KEY_CFBundleDisplayName = Extension;
				INFOPLIST_KEY_NSHumanReadableCopyright = "";
				LD_RUNPATH_SEARCH_PATHS = (
					"$(inherited)",
					"@executable_path/Frameworks",
					"@executable_path/../../Frameworks",
				);
				MARKETING_VERSION = 1.0;
				PRODUCT_BUNDLE_IDENTIFIER = "com.100-days-of-UIKit.UIKit-day-68.Extension";
				PRODUCT_NAME = "$(TARGET_NAME)";
				SKIP_INSTALL = YES;
				SWIFT_EMIT_LOC_STRINGS = YES;
				SWIFT_VERSION = 5.0;
				TARGETED_DEVICE_FAMILY = "1,2";
			};
			name = Release;
		};
/* End XCBuildConfiguration section */

/* Begin XCConfigurationList section */
		CEBCB8CF2A88D4D200ABC86F /* Build configuration list for PBXProject "UIKit_day_68" */ = {
			isa = XCConfigurationList;
			buildConfigurations = (
				CEBCB8E62A88D4D300ABC86F /* Debug */,
				CEBCB8E72A88D4D300ABC86F /* Release */,
			);
			defaultConfigurationIsVisible = 0;
			defaultConfigurationName = Release;
		};
		CEBCB8E82A88D4D300ABC86F /* Build configuration list for PBXNativeTarget "UIKit_day_68" */ = {
			isa = XCConfigurationList;
			buildConfigurations = (
				CEBCB8E92A88D4D300ABC86F /* Debug */,
				CEBCB8EA2A88D4D300ABC86F /* Release */,
			);
			defaultConfigurationIsVisible = 0;
			defaultConfigurationName = Release;
		};
		CEBCB8FF2A88D4E700ABC86F /* Build configuration list for PBXNativeTarget "Extension" */ = {
			isa = XCConfigurationList;
			buildConfigurations = (
				CEBCB9002A88D4E700ABC86F /* Debug */,
				CEBCB9012A88D4E700ABC86F /* Release */,
			);
			defaultConfigurationIsVisible = 0;
			defaultConfigurationName = Release;
		};
/* End XCConfigurationList section */
	};
	rootObject = CEBCB8CC2A88D4D200ABC86F /* Project object */;
}
